// !$*UTF8*$!
{
	archiveVersion = 1;
	classes = {
	};
	objectVersion = 48;
	objects = {

/* Begin PBXBuildFile section */
		29446849200A1DEE00908009 /* EvaluateTableViewCell.swift in Sources */ = {isa = PBXBuildFile; fileRef = 29446847200A1DEE00908009 /* EvaluateTableViewCell.swift */; };
		2944684A200A1DEE00908009 /* EvaluateTableViewCell.xib in Resources */ = {isa = PBXBuildFile; fileRef = 29446848200A1DEE00908009 /* EvaluateTableViewCell.xib */; };
		69A48EF81A7060F810D582DE /* Pods_________.framework in Frameworks */ = {isa = PBXBuildFile; fileRef = 1A6FE386D3244A2B5232BE91 /* Pods_________.framework */; };
		84031D171FCD52EB0058D437 /* PublishCell.swift in Sources */ = {isa = PBXBuildFile; fileRef = 84031D161FCD52EB0058D437 /* PublishCell.swift */; };
		840647321FA62C1B009B21C4 /* CustomButton.swift in Sources */ = {isa = PBXBuildFile; fileRef = 840647311FA62C1B009B21C4 /* CustomButton.swift */; };
		840647351FA62D03009B21C4 /* Extension.swift in Sources */ = {isa = PBXBuildFile; fileRef = 840647331FA62D03009B21C4 /* Extension.swift */; };
		840647361FA62D03009B21C4 /* Util.swift in Sources */ = {isa = PBXBuildFile; fileRef = 840647341FA62D03009B21C4 /* Util.swift */; };
		840647721FA6A6E4009B21C4 /* XLSegmentedSlideSwitch.m in Sources */ = {isa = PBXBuildFile; fileRef = 8406476A1FA6A6E4009B21C4 /* XLSegmentedSlideSwitch.m */; };
		840647731FA6A6E4009B21C4 /* XLSlideSegmented.m in Sources */ = {isa = PBXBuildFile; fileRef = 8406476C1FA6A6E4009B21C4 /* XLSlideSegmented.m */; };
		840647741FA6A6E4009B21C4 /* XLSlideSegmentedItem.m in Sources */ = {isa = PBXBuildFile; fileRef = 8406476E1FA6A6E4009B21C4 /* XLSlideSegmentedItem.m */; };
		840647751FA6A6E4009B21C4 /* XLSlideSwitch.m in Sources */ = {isa = PBXBuildFile; fileRef = 840647701FA6A6E4009B21C4 /* XLSlideSwitch.m */; };
		8406477B1FA759A4009B21C4 /* Login.storyboard in Resources */ = {isa = PBXBuildFile; fileRef = 8406477A1FA759A4009B21C4 /* Login.storyboard */; };
		8406477E1FA770D8009B21C4 /* RegisterViewController.swift in Sources */ = {isa = PBXBuildFile; fileRef = 8406477C1FA770D7009B21C4 /* RegisterViewController.swift */; };
		8406477F1FA770D8009B21C4 /* LoginViewController.swift in Sources */ = {isa = PBXBuildFile; fileRef = 8406477D1FA770D7009B21C4 /* LoginViewController.swift */; };
		840647811FA80898009B21C4 /* BaseAPIBean.swift in Sources */ = {isa = PBXBuildFile; fileRef = 840647801FA80897009B21C4 /* BaseAPIBean.swift */; };
		840B1EA41FEA511400A6A94E /* Mine_info_photo.swift in Sources */ = {isa = PBXBuildFile; fileRef = 840B1EA31FEA511400A6A94E /* Mine_info_photo.swift */; };
		841A27031FAD5AE500D1A807 /* MyDoctorTableViewCell.swift in Sources */ = {isa = PBXBuildFile; fileRef = 841A27021FAD5AE500D1A807 /* MyDoctorTableViewCell.swift */; };
		841A27071FAD850800D1A807 /* Date_main.swift in Sources */ = {isa = PBXBuildFile; fileRef = 841A27061FAD850800D1A807 /* Date_main.swift */; };
		841A27091FAD86D900D1A807 /* Date.storyboard in Resources */ = {isa = PBXBuildFile; fileRef = 841A27081FAD86D900D1A807 /* Date.storyboard */; };
		843A958A1FAEA66B00434254 /* Publish_main.swift in Sources */ = {isa = PBXBuildFile; fileRef = 843A95891FAEA66B00434254 /* Publish_main.swift */; };
		843A958C1FAEA81D00434254 /* Publish_page.swift in Sources */ = {isa = PBXBuildFile; fileRef = 843A958B1FAEA81D00434254 /* Publish_page.swift */; };
		843C3EB41FA8A6EC0076EB8C /* Home.storyboard in Resources */ = {isa = PBXBuildFile; fileRef = 843C3EB31FA8A6EC0076EB8C /* Home.storyboard */; };
		843C3EB71FA8A7860076EB8C /* Home_DoctorDetail.swift in Sources */ = {isa = PBXBuildFile; fileRef = 843C3EB51FA8A7860076EB8C /* Home_DoctorDetail.swift */; };
		843C3EB81FA8A7860076EB8C /* Home_main.swift in Sources */ = {isa = PBXBuildFile; fileRef = 843C3EB61FA8A7860076EB8C /* Home_main.swift */; };
		843C3EBA1FA8AAC20076EB8C /* Assets.xcassets in Resources */ = {isa = PBXBuildFile; fileRef = 843C3EB91FA8AAC20076EB8C /* Assets.xcassets */; };
		843C3EBC1FA946FB0076EB8C /* MyDoctor.storyboard in Resources */ = {isa = PBXBuildFile; fileRef = 843C3EBB1FA946FB0076EB8C /* MyDoctor.storyboard */; };
		8461E55A1FE273600096D041 /* ResetViewController.swift in Sources */ = {isa = PBXBuildFile; fileRef = 8461E5591FE273600096D041 /* ResetViewController.swift */; };
		8461E55C1FE366630096D041 /* ChatViewController.swift in Sources */ = {isa = PBXBuildFile; fileRef = 8461E55B1FE366630096D041 /* ChatViewController.swift */; };
		8461E55E1FE36C290096D041 /* Mine_msg_main.swift in Sources */ = {isa = PBXBuildFile; fileRef = 8461E55D1FE36C290096D041 /* Mine_msg_main.swift */; };
		8461E5611FE38F7C0096D041 /* MyDateTableViewCell.xib in Resources */ = {isa = PBXBuildFile; fileRef = 8461E55F1FE38F7B0096D041 /* MyDateTableViewCell.xib */; };
		8461E5621FE38F7C0096D041 /* MyDateTableViewCell.swift in Sources */ = {isa = PBXBuildFile; fileRef = 8461E5601FE38F7B0096D041 /* MyDateTableViewCell.swift */; };
		846D885A1FAC067C00DE6308 /* BaseTableView.swift in Sources */ = {isa = PBXBuildFile; fileRef = 846D88591FAC067C00DE6308 /* BaseTableView.swift */; };
		846D885C1FAC106400DE6308 /* Mine_setting.swift in Sources */ = {isa = PBXBuildFile; fileRef = 846D885B1FAC106400DE6308 /* Mine_setting.swift */; };
		846D88621FAC26EC00DE6308 /* Mine_order.swift in Sources */ = {isa = PBXBuildFile; fileRef = 846D88611FAC26EC00DE6308 /* Mine_order.swift */; };
		84736B9E1FAC5592001E9AA5 /* MinePocketCollectionViewCell.swift in Sources */ = {isa = PBXBuildFile; fileRef = 84736B9C1FAC5592001E9AA5 /* MinePocketCollectionViewCell.swift */; };
		84736B9F1FAC5592001E9AA5 /* MinePocketCollectionViewCell.xib in Resources */ = {isa = PBXBuildFile; fileRef = 84736B9D1FAC5592001E9AA5 /* MinePocketCollectionViewCell.xib */; };
		84736BA11FAC564A001E9AA5 /* Mine_pocket.swift in Sources */ = {isa = PBXBuildFile; fileRef = 84736BA01FAC564A001E9AA5 /* Mine_pocket.swift */; };
		84736BA31FAC5ADA001E9AA5 /* Mine_family.swift in Sources */ = {isa = PBXBuildFile; fileRef = 84736BA21FAC5ADA001E9AA5 /* Mine_family.swift */; };
		847C12DC1FD2A8AF00B32BB7 /* libc++.tbd in Frameworks */ = {isa = PBXBuildFile; fileRef = 847C12DB1FD2A8AF00B32BB7 /* libc++.tbd */; };
		847C12DE1FD2A8C900B32BB7 /* libz.tbd in Frameworks */ = {isa = PBXBuildFile; fileRef = 847C12DD1FD2A8C900B32BB7 /* libz.tbd */; };
		847C12E01FD2A8FA00B32BB7 /* SystemConfiguration.framework in Frameworks */ = {isa = PBXBuildFile; fileRef = 847C12DF1FD2A8F000B32BB7 /* SystemConfiguration.framework */; };
		847C12E21FD2A92E00B32BB7 /* CoreTelephony.framework in Frameworks */ = {isa = PBXBuildFile; fileRef = 847C12E11FD2A92300B32BB7 /* CoreTelephony.framework */; };
		847C12E41FD2A94400B32BB7 /* QuartzCore.framework in Frameworks */ = {isa = PBXBuildFile; fileRef = 847C12E31FD2A93C00B32BB7 /* QuartzCore.framework */; };
		847C12E61FD2A95700B32BB7 /* CoreText.framework in Frameworks */ = {isa = PBXBuildFile; fileRef = 847C12E51FD2A95000B32BB7 /* CoreText.framework */; };
		847C12E81FD2A96A00B32BB7 /* CoreGraphics.framework in Frameworks */ = {isa = PBXBuildFile; fileRef = 847C12E71FD2A96300B32BB7 /* CoreGraphics.framework */; };
		847C12EA1FD2A97D00B32BB7 /* UIKit.framework in Frameworks */ = {isa = PBXBuildFile; fileRef = 847C12E91FD2A97600B32BB7 /* UIKit.framework */; };
		847C12EC1FD2A9B000B32BB7 /* Foundation.framework in Frameworks */ = {isa = PBXBuildFile; fileRef = 847C12EB1FD2A9AA00B32BB7 /* Foundation.framework */; };
		847C12EE1FD2A9C500B32BB7 /* CFNetwork.framework in Frameworks */ = {isa = PBXBuildFile; fileRef = 847C12ED1FD2A9BE00B32BB7 /* CFNetwork.framework */; };
		847C12F01FD2A9D900B32BB7 /* CoreMotion.framework in Frameworks */ = {isa = PBXBuildFile; fileRef = 847C12EF1FD2A9D100B32BB7 /* CoreMotion.framework */; };
		847C13981FD2B40300B32BB7 /* AlipaySDK.bundle in Resources */ = {isa = PBXBuildFile; fileRef = 847C13961FD2B40300B32BB7 /* AlipaySDK.bundle */; };
		847C139A1FD2B46700B32BB7 /* AlipaySDK.framework in Frameworks */ = {isa = PBXBuildFile; fileRef = 847C13971FD2B40300B32BB7 /* AlipaySDK.framework */; };
		847C13A11FD2B86100B32BB7 /* libBPush.a in Frameworks */ = {isa = PBXBuildFile; fileRef = 847C139E1FD2B86000B32BB7 /* libBPush.a */; };
		847C13A21FD2B86100B32BB7 /* BPushCerResource.bundle in Resources */ = {isa = PBXBuildFile; fileRef = 847C139F1FD2B86000B32BB7 /* BPushCerResource.bundle */; };
		847C13A31FD2B86100B32BB7 /* test.caf in Resources */ = {isa = PBXBuildFile; fileRef = 847C13A01FD2B86000B32BB7 /* test.caf */; };
		847C13A61FD2D62000B32BB7 /* BaseCollectionView.swift in Sources */ = {isa = PBXBuildFile; fileRef = 847C13A51FD2D61F00B32BB7 /* BaseCollectionView.swift */; };
		847DD0D51FAEE2B50077F78A /* Publish_add.swift in Sources */ = {isa = PBXBuildFile; fileRef = 847DD0D41FAEE2B50077F78A /* Publish_add.swift */; };
		848A29891FAAFCAE00123A3F /* Mine.storyboard in Resources */ = {isa = PBXBuildFile; fileRef = 848A29881FAAFCAE00123A3F /* Mine.storyboard */; };
		848A298B1FAB092900123A3F /* Mine_main.swift in Sources */ = {isa = PBXBuildFile; fileRef = 848A298A1FAB092900123A3F /* Mine_main.swift */; };
		84939BC81FAC8F050062062C /* Mine_info.swift in Sources */ = {isa = PBXBuildFile; fileRef = 84939BC71FAC8F050062062C /* Mine_info.swift */; };
		849513691FE4156100C9E261 /* SetDateCollectionViewCell.swift in Sources */ = {isa = PBXBuildFile; fileRef = 849513681FE4156000C9E261 /* SetDateCollectionViewCell.swift */; };
		8495136B1FE4F86000C9E261 /* RatingController.swift in Sources */ = {isa = PBXBuildFile; fileRef = 8495136A1FE4F85F00C9E261 /* RatingController.swift */; };
		8495136D1FE4FE5100C9E261 /* EvaluateViewController.swift in Sources */ = {isa = PBXBuildFile; fileRef = 8495136C1FE4FE5100C9E261 /* EvaluateViewController.swift */; };
		8496F80A1FE6113C0038D39E /* address.plist in Resources */ = {isa = PBXBuildFile; fileRef = 8496F8091FE6113B0038D39E /* address.plist */; };
		849BAA5C1FAD534100871EA8 /* Date_page.swift in Sources */ = {isa = PBXBuildFile; fileRef = 849BAA5A1FAD534100871EA8 /* Date_page.swift */; };
		849BAA5D1FAD534100871EA8 /* MyDoctor_main.swift in Sources */ = {isa = PBXBuildFile; fileRef = 849BAA5B1FAD534100871EA8 /* MyDoctor_main.swift */; };
		84AB2F461FAEA22000E4B3EC /* Publish.storyboard in Resources */ = {isa = PBXBuildFile; fileRef = 84AB2F451FAEA21F00E4B3EC /* Publish.storyboard */; };
		84C983EF1FA611A60058FA7B /* AppDelegate.swift in Sources */ = {isa = PBXBuildFile; fileRef = 84C983EE1FA611A60058FA7B /* AppDelegate.swift */; };
		84C983F11FA611A60058FA7B /* ViewController.swift in Sources */ = {isa = PBXBuildFile; fileRef = 84C983F01FA611A60058FA7B /* ViewController.swift */; };
		84C983F41FA611A60058FA7B /* Main.storyboard in Resources */ = {isa = PBXBuildFile; fileRef = 84C983F21FA611A60058FA7B /* Main.storyboard */; };
		84C983F91FA611A60058FA7B /* LaunchScreen.storyboard in Resources */ = {isa = PBXBuildFile; fileRef = 84C983F71FA611A60058FA7B /* LaunchScreen.storyboard */; };
		84C984021FA617F00058FA7B /* ModelBean.swift in Sources */ = {isa = PBXBuildFile; fileRef = 84C984011FA617F00058FA7B /* ModelBean.swift */; };
		84C984061FA618060058FA7B /* BaseViewController.swift in Sources */ = {isa = PBXBuildFile; fileRef = 84C984041FA618060058FA7B /* BaseViewController.swift */; };
		84C984071FA618060058FA7B /* MainViewController.swift in Sources */ = {isa = PBXBuildFile; fileRef = 84C984051FA618060058FA7B /* MainViewController.swift */; };
		84C9840E1FA618EF0058FA7B /* API.swift in Sources */ = {isa = PBXBuildFile; fileRef = 84C9840D1FA618EE0058FA7B /* API.swift */; };
		84DDACDC1FE0C915004199FF /* InfoTableViewCell.swift in Sources */ = {isa = PBXBuildFile; fileRef = 84DDACDA1FE0C914004199FF /* InfoTableViewCell.swift */; };
		84DDACDD1FE0C915004199FF /* InfoTableViewCell.xib in Resources */ = {isa = PBXBuildFile; fileRef = 84DDACDB1FE0C915004199FF /* InfoTableViewCell.xib */; };
		84DDACDF1FE0C96F004199FF /* EditViewController.swift in Sources */ = {isa = PBXBuildFile; fileRef = 84DDACDE1FE0C96F004199FF /* EditViewController.swift */; };
		84F0402D1FA9A48C003BCC54 /* HomeMainTableViewCell.swift in Sources */ = {isa = PBXBuildFile; fileRef = 84F0402B1FA9A48C003BCC54 /* HomeMainTableViewCell.swift */; };
		84F0402E1FA9A48C003BCC54 /* HomeMainTableViewCell.xib in Resources */ = {isa = PBXBuildFile; fileRef = 84F0402C1FA9A48C003BCC54 /* HomeMainTableViewCell.xib */; };
		84F4DF881FF0D340000855B0 /* Order_Detail.swift in Sources */ = {isa = PBXBuildFile; fileRef = 84F4DF871FF0D33F000855B0 /* Order_Detail.swift */; };
/* End PBXBuildFile section */

/* Begin PBXFileReference section */
		1A6FE386D3244A2B5232BE91 /* Pods_________.framework */ = {isa = PBXFileReference; explicitFileType = wrapper.framework; includeInIndex = 0; path = "Pods_________.framework"; sourceTree = BUILT_PRODUCTS_DIR; };
		29446847200A1DEE00908009 /* EvaluateTableViewCell.swift */ = {isa = PBXFileReference; lastKnownFileType = sourcecode.swift; path = EvaluateTableViewCell.swift; sourceTree = "<group>"; };
		29446848200A1DEE00908009 /* EvaluateTableViewCell.xib */ = {isa = PBXFileReference; lastKnownFileType = file.xib; path = EvaluateTableViewCell.xib; sourceTree = "<group>"; };
		34CAB850216A56570E87C8D2 /* Pods-速递医疗 病人端.debug.xcconfig */ = {isa = PBXFileReference; includeInIndex = 1; lastKnownFileType = text.xcconfig; name = "Pods-速递医疗 病人端.debug.xcconfig"; path = "Pods/Target Support Files/Pods-速递医疗 病人端/Pods-速递医疗 病人端.debug.xcconfig"; sourceTree = "<group>"; };
		84031D161FCD52EB0058D437 /* PublishCell.swift */ = {isa = PBXFileReference; fileEncoding = 4; lastKnownFileType = sourcecode.swift; path = PublishCell.swift; sourceTree = "<group>"; };
		840647311FA62C1B009B21C4 /* CustomButton.swift */ = {isa = PBXFileReference; lastKnownFileType = sourcecode.swift; path = CustomButton.swift; sourceTree = "<group>"; };
		840647331FA62D03009B21C4 /* Extension.swift */ = {isa = PBXFileReference; fileEncoding = 4; lastKnownFileType = sourcecode.swift; path = Extension.swift; sourceTree = "<group>"; };
		840647341FA62D03009B21C4 /* Util.swift */ = {isa = PBXFileReference; fileEncoding = 4; lastKnownFileType = sourcecode.swift; path = Util.swift; sourceTree = "<group>"; };
		840647691FA6A6E4009B21C4 /* XLSegmentedSlideSwitch.h */ = {isa = PBXFileReference; fileEncoding = 4; lastKnownFileType = sourcecode.c.h; path = XLSegmentedSlideSwitch.h; sourceTree = "<group>"; };
		8406476A1FA6A6E4009B21C4 /* XLSegmentedSlideSwitch.m */ = {isa = PBXFileReference; fileEncoding = 4; lastKnownFileType = sourcecode.c.objc; path = XLSegmentedSlideSwitch.m; sourceTree = "<group>"; };
		8406476B1FA6A6E4009B21C4 /* XLSlideSegmented.h */ = {isa = PBXFileReference; fileEncoding = 4; lastKnownFileType = sourcecode.c.h; path = XLSlideSegmented.h; sourceTree = "<group>"; };
		8406476C1FA6A6E4009B21C4 /* XLSlideSegmented.m */ = {isa = PBXFileReference; fileEncoding = 4; lastKnownFileType = sourcecode.c.objc; path = XLSlideSegmented.m; sourceTree = "<group>"; };
		8406476D1FA6A6E4009B21C4 /* XLSlideSegmentedItem.h */ = {isa = PBXFileReference; fileEncoding = 4; lastKnownFileType = sourcecode.c.h; path = XLSlideSegmentedItem.h; sourceTree = "<group>"; };
		8406476E1FA6A6E4009B21C4 /* XLSlideSegmentedItem.m */ = {isa = PBXFileReference; fileEncoding = 4; lastKnownFileType = sourcecode.c.objc; path = XLSlideSegmentedItem.m; sourceTree = "<group>"; };
		8406476F1FA6A6E4009B21C4 /* XLSlideSwitch.h */ = {isa = PBXFileReference; fileEncoding = 4; lastKnownFileType = sourcecode.c.h; path = XLSlideSwitch.h; sourceTree = "<group>"; };
		840647701FA6A6E4009B21C4 /* XLSlideSwitch.m */ = {isa = PBXFileReference; fileEncoding = 4; lastKnownFileType = sourcecode.c.objc; path = XLSlideSwitch.m; sourceTree = "<group>"; };
		840647711FA6A6E4009B21C4 /* XLSlideSwitchDelegate.h */ = {isa = PBXFileReference; fileEncoding = 4; lastKnownFileType = sourcecode.c.h; path = XLSlideSwitchDelegate.h; sourceTree = "<group>"; };
		840647761FA6A7BA009B21C4 /* Bridging-Header.h */ = {isa = PBXFileReference; lastKnownFileType = sourcecode.c.h; path = "Bridging-Header.h"; sourceTree = "<group>"; };
		8406477A1FA759A4009B21C4 /* Login.storyboard */ = {isa = PBXFileReference; fileEncoding = 4; lastKnownFileType = file.storyboard; path = Login.storyboard; sourceTree = "<group>"; };
		8406477C1FA770D7009B21C4 /* RegisterViewController.swift */ = {isa = PBXFileReference; fileEncoding = 4; lastKnownFileType = sourcecode.swift; path = RegisterViewController.swift; sourceTree = "<group>"; };
		8406477D1FA770D7009B21C4 /* LoginViewController.swift */ = {isa = PBXFileReference; fileEncoding = 4; lastKnownFileType = sourcecode.swift; path = LoginViewController.swift; sourceTree = "<group>"; };
		840647801FA80897009B21C4 /* BaseAPIBean.swift */ = {isa = PBXFileReference; lastKnownFileType = sourcecode.swift; path = BaseAPIBean.swift; sourceTree = "<group>"; };
		840B1EA31FEA511400A6A94E /* Mine_info_photo.swift */ = {isa = PBXFileReference; fileEncoding = 4; lastKnownFileType = sourcecode.swift; path = Mine_info_photo.swift; sourceTree = "<group>"; };
		841A27021FAD5AE500D1A807 /* MyDoctorTableViewCell.swift */ = {isa = PBXFileReference; fileEncoding = 4; lastKnownFileType = sourcecode.swift; path = MyDoctorTableViewCell.swift; sourceTree = "<group>"; };
		841A27061FAD850800D1A807 /* Date_main.swift */ = {isa = PBXFileReference; lastKnownFileType = sourcecode.swift; path = Date_main.swift; sourceTree = "<group>"; };
		841A27081FAD86D900D1A807 /* Date.storyboard */ = {isa = PBXFileReference; lastKnownFileType = file.storyboard; path = Date.storyboard; sourceTree = "<group>"; };
		843A95891FAEA66B00434254 /* Publish_main.swift */ = {isa = PBXFileReference; fileEncoding = 4; lastKnownFileType = sourcecode.swift; path = Publish_main.swift; sourceTree = "<group>"; };
		843A958B1FAEA81D00434254 /* Publish_page.swift */ = {isa = PBXFileReference; fileEncoding = 4; lastKnownFileType = sourcecode.swift; path = Publish_page.swift; sourceTree = "<group>"; };
		843C3EB31FA8A6EC0076EB8C /* Home.storyboard */ = {isa = PBXFileReference; fileEncoding = 4; lastKnownFileType = file.storyboard; path = Home.storyboard; sourceTree = "<group>"; };
		843C3EB51FA8A7860076EB8C /* Home_DoctorDetail.swift */ = {isa = PBXFileReference; fileEncoding = 4; lastKnownFileType = sourcecode.swift; path = Home_DoctorDetail.swift; sourceTree = "<group>"; };
		843C3EB61FA8A7860076EB8C /* Home_main.swift */ = {isa = PBXFileReference; fileEncoding = 4; lastKnownFileType = sourcecode.swift; path = Home_main.swift; sourceTree = "<group>"; };
		843C3EB91FA8AAC20076EB8C /* Assets.xcassets */ = {isa = PBXFileReference; lastKnownFileType = folder.assetcatalog; path = Assets.xcassets; sourceTree = "<group>"; };
		843C3EBB1FA946FB0076EB8C /* MyDoctor.storyboard */ = {isa = PBXFileReference; fileEncoding = 4; lastKnownFileType = file.storyboard; path = MyDoctor.storyboard; sourceTree = "<group>"; };
		8461E5591FE273600096D041 /* ResetViewController.swift */ = {isa = PBXFileReference; fileEncoding = 4; lastKnownFileType = sourcecode.swift; path = ResetViewController.swift; sourceTree = "<group>"; };
		8461E55B1FE366630096D041 /* ChatViewController.swift */ = {isa = PBXFileReference; fileEncoding = 4; lastKnownFileType = sourcecode.swift; path = ChatViewController.swift; sourceTree = "<group>"; };
		8461E55D1FE36C290096D041 /* Mine_msg_main.swift */ = {isa = PBXFileReference; fileEncoding = 4; lastKnownFileType = sourcecode.swift; path = Mine_msg_main.swift; sourceTree = "<group>"; };
		8461E55F1FE38F7B0096D041 /* MyDateTableViewCell.xib */ = {isa = PBXFileReference; fileEncoding = 4; lastKnownFileType = file.xib; path = MyDateTableViewCell.xib; sourceTree = "<group>"; };
		8461E5601FE38F7B0096D041 /* MyDateTableViewCell.swift */ = {isa = PBXFileReference; fileEncoding = 4; lastKnownFileType = sourcecode.swift; path = MyDateTableViewCell.swift; sourceTree = "<group>"; };
		846D88591FAC067C00DE6308 /* BaseTableView.swift */ = {isa = PBXFileReference; lastKnownFileType = sourcecode.swift; path = BaseTableView.swift; sourceTree = "<group>"; };
		846D885B1FAC106400DE6308 /* Mine_setting.swift */ = {isa = PBXFileReference; lastKnownFileType = sourcecode.swift; path = Mine_setting.swift; sourceTree = "<group>"; };
		846D88611FAC26EC00DE6308 /* Mine_order.swift */ = {isa = PBXFileReference; lastKnownFileType = sourcecode.swift; path = Mine_order.swift; sourceTree = "<group>"; };
		84736B9C1FAC5592001E9AA5 /* MinePocketCollectionViewCell.swift */ = {isa = PBXFileReference; lastKnownFileType = sourcecode.swift; path = MinePocketCollectionViewCell.swift; sourceTree = "<group>"; };
		84736B9D1FAC5592001E9AA5 /* MinePocketCollectionViewCell.xib */ = {isa = PBXFileReference; lastKnownFileType = file.xib; path = MinePocketCollectionViewCell.xib; sourceTree = "<group>"; };
		84736BA01FAC564A001E9AA5 /* Mine_pocket.swift */ = {isa = PBXFileReference; lastKnownFileType = sourcecode.swift; path = Mine_pocket.swift; sourceTree = "<group>"; };
		84736BA21FAC5ADA001E9AA5 /* Mine_family.swift */ = {isa = PBXFileReference; lastKnownFileType = sourcecode.swift; path = Mine_family.swift; sourceTree = "<group>"; };
		847C12DB1FD2A8AF00B32BB7 /* libc++.tbd */ = {isa = PBXFileReference; lastKnownFileType = "sourcecode.text-based-dylib-definition"; name = "libc++.tbd"; path = "usr/lib/libc++.tbd"; sourceTree = SDKROOT; };
		847C12DD1FD2A8C900B32BB7 /* libz.tbd */ = {isa = PBXFileReference; lastKnownFileType = "sourcecode.text-based-dylib-definition"; name = libz.tbd; path = usr/lib/libz.tbd; sourceTree = SDKROOT; };
		847C12DF1FD2A8F000B32BB7 /* SystemConfiguration.framework */ = {isa = PBXFileReference; lastKnownFileType = wrapper.framework; name = SystemConfiguration.framework; path = System/Library/Frameworks/SystemConfiguration.framework; sourceTree = SDKROOT; };
		847C12E11FD2A92300B32BB7 /* CoreTelephony.framework */ = {isa = PBXFileReference; lastKnownFileType = wrapper.framework; name = CoreTelephony.framework; path = System/Library/Frameworks/CoreTelephony.framework; sourceTree = SDKROOT; };
		847C12E31FD2A93C00B32BB7 /* QuartzCore.framework */ = {isa = PBXFileReference; lastKnownFileType = wrapper.framework; name = QuartzCore.framework; path = System/Library/Frameworks/QuartzCore.framework; sourceTree = SDKROOT; };
		847C12E51FD2A95000B32BB7 /* CoreText.framework */ = {isa = PBXFileReference; lastKnownFileType = wrapper.framework; name = CoreText.framework; path = System/Library/Frameworks/CoreText.framework; sourceTree = SDKROOT; };
		847C12E71FD2A96300B32BB7 /* CoreGraphics.framework */ = {isa = PBXFileReference; lastKnownFileType = wrapper.framework; name = CoreGraphics.framework; path = System/Library/Frameworks/CoreGraphics.framework; sourceTree = SDKROOT; };
		847C12E91FD2A97600B32BB7 /* UIKit.framework */ = {isa = PBXFileReference; lastKnownFileType = wrapper.framework; name = UIKit.framework; path = System/Library/Frameworks/UIKit.framework; sourceTree = SDKROOT; };
		847C12EB1FD2A9AA00B32BB7 /* Foundation.framework */ = {isa = PBXFileReference; lastKnownFileType = wrapper.framework; name = Foundation.framework; path = System/Library/Frameworks/Foundation.framework; sourceTree = SDKROOT; };
		847C12ED1FD2A9BE00B32BB7 /* CFNetwork.framework */ = {isa = PBXFileReference; lastKnownFileType = wrapper.framework; name = CFNetwork.framework; path = System/Library/Frameworks/CFNetwork.framework; sourceTree = SDKROOT; };
		847C12EF1FD2A9D100B32BB7 /* CoreMotion.framework */ = {isa = PBXFileReference; lastKnownFileType = wrapper.framework; name = CoreMotion.framework; path = System/Library/Frameworks/CoreMotion.framework; sourceTree = SDKROOT; };
		847C13961FD2B40300B32BB7 /* AlipaySDK.bundle */ = {isa = PBXFileReference; lastKnownFileType = "wrapper.plug-in"; path = AlipaySDK.bundle; sourceTree = "<group>"; };
		847C13971FD2B40300B32BB7 /* AlipaySDK.framework */ = {isa = PBXFileReference; lastKnownFileType = wrapper.framework; path = AlipaySDK.framework; sourceTree = "<group>"; };
		847C139D1FD2B86000B32BB7 /* BPush.h */ = {isa = PBXFileReference; fileEncoding = 4; lastKnownFileType = sourcecode.c.h; path = BPush.h; sourceTree = "<group>"; };
		847C139E1FD2B86000B32BB7 /* libBPush.a */ = {isa = PBXFileReference; lastKnownFileType = archive.ar; path = libBPush.a; sourceTree = "<group>"; };
		847C139F1FD2B86000B32BB7 /* BPushCerResource.bundle */ = {isa = PBXFileReference; lastKnownFileType = "wrapper.plug-in"; path = BPushCerResource.bundle; sourceTree = "<group>"; };
		847C13A01FD2B86000B32BB7 /* test.caf */ = {isa = PBXFileReference; lastKnownFileType = file; path = test.caf; sourceTree = "<group>"; };
		847C13A41FD2D07700B32BB7 /* 速递医疗 病人端.entitlements */ = {isa = PBXFileReference; lastKnownFileType = text.plist.entitlements; path = "速递医疗 病人端.entitlements"; sourceTree = "<group>"; };
		847C13A51FD2D61F00B32BB7 /* BaseCollectionView.swift */ = {isa = PBXFileReference; fileEncoding = 4; lastKnownFileType = sourcecode.swift; path = BaseCollectionView.swift; sourceTree = "<group>"; };
		847DD0D41FAEE2B50077F78A /* Publish_add.swift */ = {isa = PBXFileReference; fileEncoding = 4; lastKnownFileType = sourcecode.swift; path = Publish_add.swift; sourceTree = "<group>"; };
		848A29881FAAFCAE00123A3F /* Mine.storyboard */ = {isa = PBXFileReference; fileEncoding = 4; lastKnownFileType = file.storyboard; path = Mine.storyboard; sourceTree = "<group>"; };
		848A298A1FAB092900123A3F /* Mine_main.swift */ = {isa = PBXFileReference; lastKnownFileType = sourcecode.swift; path = Mine_main.swift; sourceTree = "<group>"; };
		84939BC71FAC8F050062062C /* Mine_info.swift */ = {isa = PBXFileReference; lastKnownFileType = sourcecode.swift; path = Mine_info.swift; sourceTree = "<group>"; };
		849513681FE4156000C9E261 /* SetDateCollectionViewCell.swift */ = {isa = PBXFileReference; fileEncoding = 4; lastKnownFileType = sourcecode.swift; path = SetDateCollectionViewCell.swift; sourceTree = "<group>"; };
		8495136A1FE4F85F00C9E261 /* RatingController.swift */ = {isa = PBXFileReference; fileEncoding = 4; lastKnownFileType = sourcecode.swift; path = RatingController.swift; sourceTree = "<group>"; };
		8495136C1FE4FE5100C9E261 /* EvaluateViewController.swift */ = {isa = PBXFileReference; lastKnownFileType = sourcecode.swift; path = EvaluateViewController.swift; sourceTree = "<group>"; };
		8496F8091FE6113B0038D39E /* address.plist */ = {isa = PBXFileReference; fileEncoding = 4; lastKnownFileType = text.plist.xml; path = address.plist; sourceTree = "<group>"; };
		849BAA5A1FAD534100871EA8 /* Date_page.swift */ = {isa = PBXFileReference; fileEncoding = 4; lastKnownFileType = sourcecode.swift; path = Date_page.swift; sourceTree = "<group>"; };
		849BAA5B1FAD534100871EA8 /* MyDoctor_main.swift */ = {isa = PBXFileReference; fileEncoding = 4; lastKnownFileType = sourcecode.swift; path = MyDoctor_main.swift; sourceTree = "<group>"; };
		84AB2F451FAEA21F00E4B3EC /* Publish.storyboard */ = {isa = PBXFileReference; fileEncoding = 4; lastKnownFileType = file.storyboard; path = Publish.storyboard; sourceTree = "<group>"; };
		84C983EB1FA611A60058FA7B /* PatientClient.app */ = {isa = PBXFileReference; explicitFileType = wrapper.application; includeInIndex = 0; path = PatientClient.app; sourceTree = BUILT_PRODUCTS_DIR; };
		84C983EE1FA611A60058FA7B /* AppDelegate.swift */ = {isa = PBXFileReference; lastKnownFileType = sourcecode.swift; path = AppDelegate.swift; sourceTree = "<group>"; };
		84C983F01FA611A60058FA7B /* ViewController.swift */ = {isa = PBXFileReference; lastKnownFileType = sourcecode.swift; path = ViewController.swift; sourceTree = "<group>"; };
		84C983F31FA611A60058FA7B /* Base */ = {isa = PBXFileReference; lastKnownFileType = file.storyboard; name = Base; path = Base.lproj/Main.storyboard; sourceTree = "<group>"; };
		84C983F81FA611A60058FA7B /* Base */ = {isa = PBXFileReference; lastKnownFileType = file.storyboard; name = Base; path = Base.lproj/LaunchScreen.storyboard; sourceTree = "<group>"; };
		84C983FA1FA611A60058FA7B /* Info.plist */ = {isa = PBXFileReference; lastKnownFileType = text.plist.xml; path = Info.plist; sourceTree = "<group>"; };
		84C984011FA617F00058FA7B /* ModelBean.swift */ = {isa = PBXFileReference; fileEncoding = 4; lastKnownFileType = sourcecode.swift; path = ModelBean.swift; sourceTree = "<group>"; };
		84C984041FA618060058FA7B /* BaseViewController.swift */ = {isa = PBXFileReference; fileEncoding = 4; lastKnownFileType = sourcecode.swift; path = BaseViewController.swift; sourceTree = "<group>"; };
		84C984051FA618060058FA7B /* MainViewController.swift */ = {isa = PBXFileReference; fileEncoding = 4; lastKnownFileType = sourcecode.swift; path = MainViewController.swift; sourceTree = "<group>"; };
		84C9840D1FA618EE0058FA7B /* API.swift */ = {isa = PBXFileReference; fileEncoding = 4; lastKnownFileType = sourcecode.swift; path = API.swift; sourceTree = "<group>"; };
		84DDACDA1FE0C914004199FF /* InfoTableViewCell.swift */ = {isa = PBXFileReference; fileEncoding = 4; lastKnownFileType = sourcecode.swift; path = InfoTableViewCell.swift; sourceTree = "<group>"; };
		84DDACDB1FE0C915004199FF /* InfoTableViewCell.xib */ = {isa = PBXFileReference; fileEncoding = 4; lastKnownFileType = file.xib; path = InfoTableViewCell.xib; sourceTree = "<group>"; };
		84DDACDE1FE0C96F004199FF /* EditViewController.swift */ = {isa = PBXFileReference; fileEncoding = 4; lastKnownFileType = sourcecode.swift; path = EditViewController.swift; sourceTree = "<group>"; };
		84F0402B1FA9A48C003BCC54 /* HomeMainTableViewCell.swift */ = {isa = PBXFileReference; lastKnownFileType = sourcecode.swift; path = HomeMainTableViewCell.swift; sourceTree = "<group>"; };
		84F0402C1FA9A48C003BCC54 /* HomeMainTableViewCell.xib */ = {isa = PBXFileReference; lastKnownFileType = file.xib; path = HomeMainTableViewCell.xib; sourceTree = "<group>"; };
		84F4DF871FF0D33F000855B0 /* Order_Detail.swift */ = {isa = PBXFileReference; fileEncoding = 4; lastKnownFileType = sourcecode.swift; path = Order_Detail.swift; sourceTree = "<group>"; };
		AFA4C207599FEB4E0FA6C085 /* Pods-速递医疗 病人端.release.xcconfig */ = {isa = PBXFileReference; includeInIndex = 1; lastKnownFileType = text.xcconfig; name = "Pods-速递医疗 病人端.release.xcconfig"; path = "Pods/Target Support Files/Pods-速递医疗 病人端/Pods-速递医疗 病人端.release.xcconfig"; sourceTree = "<group>"; };
/* End PBXFileReference section */

/* Begin PBXFrameworksBuildPhase section */
		84C983E81FA611A60058FA7B /* Frameworks */ = {
			isa = PBXFrameworksBuildPhase;
			buildActionMask = 2147483647;
			files = (
				847C12F01FD2A9D900B32BB7 /* CoreMotion.framework in Frameworks */,
				847C12EE1FD2A9C500B32BB7 /* CFNetwork.framework in Frameworks */,
				847C12EC1FD2A9B000B32BB7 /* Foundation.framework in Frameworks */,
				847C12EA1FD2A97D00B32BB7 /* UIKit.framework in Frameworks */,
				847C12E81FD2A96A00B32BB7 /* CoreGraphics.framework in Frameworks */,
				847C12E61FD2A95700B32BB7 /* CoreText.framework in Frameworks */,
				847C12E41FD2A94400B32BB7 /* QuartzCore.framework in Frameworks */,
				847C139A1FD2B46700B32BB7 /* AlipaySDK.framework in Frameworks */,
				847C12E21FD2A92E00B32BB7 /* CoreTelephony.framework in Frameworks */,
				847C12E01FD2A8FA00B32BB7 /* SystemConfiguration.framework in Frameworks */,
				847C13A11FD2B86100B32BB7 /* libBPush.a in Frameworks */,
				847C12DC1FD2A8AF00B32BB7 /* libc++.tbd in Frameworks */,
				847C12DE1FD2A8C900B32BB7 /* libz.tbd in Frameworks */,
				69A48EF81A7060F810D582DE /* Pods_________.framework in Frameworks */,
			);
			runOnlyForDeploymentPostprocessing = 0;
		};
/* End PBXFrameworksBuildPhase section */

/* Begin PBXGroup section */
		840647671FA6A6E4009B21C4 /* Libs */ = {
			isa = PBXGroup;
			children = (
				847C139C1FD2B86000B32BB7 /* LibBPush */,
				847C13961FD2B40300B32BB7 /* AlipaySDK.bundle */,
				847C13971FD2B40300B32BB7 /* AlipaySDK.framework */,
				840647681FA6A6E4009B21C4 /* XLSlideSwitch */,
			);
			path = Libs;
			sourceTree = "<group>";
		};
		840647681FA6A6E4009B21C4 /* XLSlideSwitch */ = {
			isa = PBXGroup;
			children = (
				840647691FA6A6E4009B21C4 /* XLSegmentedSlideSwitch.h */,
				8406476A1FA6A6E4009B21C4 /* XLSegmentedSlideSwitch.m */,
				8406476B1FA6A6E4009B21C4 /* XLSlideSegmented.h */,
				8406476C1FA6A6E4009B21C4 /* XLSlideSegmented.m */,
				8406476D1FA6A6E4009B21C4 /* XLSlideSegmentedItem.h */,
				8406476E1FA6A6E4009B21C4 /* XLSlideSegmentedItem.m */,
				8406476F1FA6A6E4009B21C4 /* XLSlideSwitch.h */,
				840647701FA6A6E4009B21C4 /* XLSlideSwitch.m */,
				840647711FA6A6E4009B21C4 /* XLSlideSwitchDelegate.h */,
			);
			path = XLSlideSwitch;
			sourceTree = "<group>";
		};
		840647791FA75984009B21C4 /* StoryBoard */ = {
			isa = PBXGroup;
			children = (
				8406477A1FA759A4009B21C4 /* Login.storyboard */,
				843C3EBB1FA946FB0076EB8C /* MyDoctor.storyboard */,
				843C3EB31FA8A6EC0076EB8C /* Home.storyboard */,
				84AB2F451FAEA21F00E4B3EC /* Publish.storyboard */,
				848A29881FAAFCAE00123A3F /* Mine.storyboard */,
				841A27081FAD86D900D1A807 /* Date.storyboard */,
			);
			path = StoryBoard;
			sourceTree = "<group>";
		};
		845899C2F3C2D1E167E529FC /* Frameworks */ = {
			isa = PBXGroup;
			children = (
				847C12EF1FD2A9D100B32BB7 /* CoreMotion.framework */,
				847C12ED1FD2A9BE00B32BB7 /* CFNetwork.framework */,
				847C12EB1FD2A9AA00B32BB7 /* Foundation.framework */,
				847C12E91FD2A97600B32BB7 /* UIKit.framework */,
				847C12E71FD2A96300B32BB7 /* CoreGraphics.framework */,
				847C12E51FD2A95000B32BB7 /* CoreText.framework */,
				847C12E31FD2A93C00B32BB7 /* QuartzCore.framework */,
				847C12E11FD2A92300B32BB7 /* CoreTelephony.framework */,
				847C12DF1FD2A8F000B32BB7 /* SystemConfiguration.framework */,
				847C12DD1FD2A8C900B32BB7 /* libz.tbd */,
				847C12DB1FD2A8AF00B32BB7 /* libc++.tbd */,
				1A6FE386D3244A2B5232BE91 /* Pods_________.framework */,
			);
			name = Frameworks;
			sourceTree = "<group>";
		};
		847C139C1FD2B86000B32BB7 /* LibBPush */ = {
			isa = PBXGroup;
			children = (
				847C139D1FD2B86000B32BB7 /* BPush.h */,
				847C139E1FD2B86000B32BB7 /* libBPush.a */,
				847C139F1FD2B86000B32BB7 /* BPushCerResource.bundle */,
				847C13A01FD2B86000B32BB7 /* test.caf */,
			);
			path = LibBPush;
			sourceTree = "<group>";
		};
		84C983E21FA611A60058FA7B = {
			isa = PBXGroup;
			children = (
				84C983ED1FA611A60058FA7B /* 速递医疗 病人端 */,
				84C983EC1FA611A60058FA7B /* Products */,
				EC151AECA94F348487FE9444 /* Pods */,
				845899C2F3C2D1E167E529FC /* Frameworks */,
			);
			sourceTree = "<group>";
		};
		84C983EC1FA611A60058FA7B /* Products */ = {
			isa = PBXGroup;
			children = (
				84C983EB1FA611A60058FA7B /* PatientClient.app */,
			);
			name = Products;
			sourceTree = "<group>";
		};
		84C983ED1FA611A60058FA7B /* 速递医疗 病人端 */ = {
			isa = PBXGroup;
			children = (
				8496F8091FE6113B0038D39E /* address.plist */,
				847C13A41FD2D07700B32BB7 /* 速递医疗 病人端.entitlements */,
				843C3EB91FA8AAC20076EB8C /* Assets.xcassets */,
				840647791FA75984009B21C4 /* StoryBoard */,
				840647671FA6A6E4009B21C4 /* Libs */,
				84C984081FA6180D0058FA7B /* View */,
				84C984031FA618060058FA7B /* ViewController */,
				84C984001FA617F00058FA7B /* Model */,
				84C983EE1FA611A60058FA7B /* AppDelegate.swift */,
				840647331FA62D03009B21C4 /* Extension.swift */,
				840647341FA62D03009B21C4 /* Util.swift */,
				84C9840D1FA618EE0058FA7B /* API.swift */,
				84C983F01FA611A60058FA7B /* ViewController.swift */,
				84C983F21FA611A60058FA7B /* Main.storyboard */,
				84C983F71FA611A60058FA7B /* LaunchScreen.storyboard */,
				84C983FA1FA611A60058FA7B /* Info.plist */,
				840647761FA6A7BA009B21C4 /* Bridging-Header.h */,
			);
			path = "速递医疗 病人端";
			sourceTree = "<group>";
		};
		84C984001FA617F00058FA7B /* Model */ = {
			isa = PBXGroup;
			children = (
				84C984011FA617F00058FA7B /* ModelBean.swift */,
				840647801FA80897009B21C4 /* BaseAPIBean.swift */,
			);
			path = Model;
			sourceTree = "<group>";
		};
		84C984031FA618060058FA7B /* ViewController */ = {
			isa = PBXGroup;
			children = (
				84F4DF871FF0D33F000855B0 /* Order_Detail.swift */,
				8461E55D1FE36C290096D041 /* Mine_msg_main.swift */,
				8461E55B1FE366630096D041 /* ChatViewController.swift */,
				8461E5591FE273600096D041 /* ResetViewController.swift */,
				84DDACDE1FE0C96F004199FF /* EditViewController.swift */,
				849BAA5B1FAD534100871EA8 /* MyDoctor_main.swift */,
				8406477D1FA770D7009B21C4 /* LoginViewController.swift */,
				8406477C1FA770D7009B21C4 /* RegisterViewController.swift */,
				843A958B1FAEA81D00434254 /* Publish_page.swift */,
				843A95891FAEA66B00434254 /* Publish_main.swift */,
				847DD0D41FAEE2B50077F78A /* Publish_add.swift */,
				843C3EB51FA8A7860076EB8C /* Home_DoctorDetail.swift */,
				843C3EB61FA8A7860076EB8C /* Home_main.swift */,
				848A298A1FAB092900123A3F /* Mine_main.swift */,
				846D885B1FAC106400DE6308 /* Mine_setting.swift */,
				846D88611FAC26EC00DE6308 /* Mine_order.swift */,
				84736BA01FAC564A001E9AA5 /* Mine_pocket.swift */,
				84736BA21FAC5ADA001E9AA5 /* Mine_family.swift */,
				84939BC71FAC8F050062062C /* Mine_info.swift */,
				840B1EA31FEA511400A6A94E /* Mine_info_photo.swift */,
				849BAA5A1FAD534100871EA8 /* Date_page.swift */,
				841A27061FAD850800D1A807 /* Date_main.swift */,
				84C984041FA618060058FA7B /* BaseViewController.swift */,
				84C984051FA618060058FA7B /* MainViewController.swift */,
				8495136C1FE4FE5100C9E261 /* EvaluateViewController.swift */,
			);
			path = ViewController;
			sourceTree = "<group>";
		};
		84C984081FA6180D0058FA7B /* View */ = {
			isa = PBXGroup;
			children = (
				8495136A1FE4F85F00C9E261 /* RatingController.swift */,
				84DDACDA1FE0C914004199FF /* InfoTableViewCell.swift */,
				84DDACDB1FE0C915004199FF /* InfoTableViewCell.xib */,
				84031D161FCD52EB0058D437 /* PublishCell.swift */,
				847C13A51FD2D61F00B32BB7 /* BaseCollectionView.swift */,
				840647311FA62C1B009B21C4 /* CustomButton.swift */,
				84F0402B1FA9A48C003BCC54 /* HomeMainTableViewCell.swift */,
				849513681FE4156000C9E261 /* SetDateCollectionViewCell.swift */,
				84F0402C1FA9A48C003BCC54 /* HomeMainTableViewCell.xib */,
				846D88591FAC067C00DE6308 /* BaseTableView.swift */,
				841A27021FAD5AE500D1A807 /* MyDoctorTableViewCell.swift */,
				84736B9C1FAC5592001E9AA5 /* MinePocketCollectionViewCell.swift */,
				84736B9D1FAC5592001E9AA5 /* MinePocketCollectionViewCell.xib */,
				8461E5601FE38F7B0096D041 /* MyDateTableViewCell.swift */,
				8461E55F1FE38F7B0096D041 /* MyDateTableViewCell.xib */,
				29446847200A1DEE00908009 /* EvaluateTableViewCell.swift */,
				29446848200A1DEE00908009 /* EvaluateTableViewCell.xib */,
			);
			path = View;
			sourceTree = "<group>";
		};
		EC151AECA94F348487FE9444 /* Pods */ = {
			isa = PBXGroup;
			children = (
				34CAB850216A56570E87C8D2 /* Pods-速递医疗 病人端.debug.xcconfig */,
				AFA4C207599FEB4E0FA6C085 /* Pods-速递医疗 病人端.release.xcconfig */,
			);
			name = Pods;
			sourceTree = "<group>";
		};
/* End PBXGroup section */

/* Begin PBXNativeTarget section */
		84C983EA1FA611A60058FA7B /* PatientClient */ = {
			isa = PBXNativeTarget;
			buildConfigurationList = 84C983FD1FA611A60058FA7B /* Build configuration list for PBXNativeTarget "PatientClient" */;
			buildPhases = (
				26DA3BB4EE36ABBA1E75EDB0 /* [CP] Check Pods Manifest.lock */,
				84C983E71FA611A60058FA7B /* Sources */,
				84C983E81FA611A60058FA7B /* Frameworks */,
				84C983E91FA611A60058FA7B /* Resources */,
				0160ECAEE438DE515AC9E3F7 /* [CP] Embed Pods Frameworks */,
				7542007DA0AF4A0390FD5346 /* [CP] Copy Pods Resources */,
				840088641FF679CD00D19BDC /* ShellScript */,
			);
			buildRules = (
			);
			dependencies = (
			);
			name = PatientClient;
			productName = "速递医疗 病人端";
			productReference = 84C983EB1FA611A60058FA7B /* PatientClient.app */;
			productType = "com.apple.product-type.application";
		};
/* End PBXNativeTarget section */

/* Begin PBXProject section */
		84C983E31FA611A60058FA7B /* Project object */ = {
			isa = PBXProject;
			attributes = {
				LastSwiftUpdateCheck = 0900;
				LastUpgradeCheck = 0900;
				ORGANIZATIONNAME = victor;
				TargetAttributes = {
					84C983EA1FA611A60058FA7B = {
						CreatedOnToolsVersion = 9.0.1;
						ProvisioningStyle = Automatic;
						SystemCapabilities = {
							com.apple.BackgroundModes = {
								enabled = 1;
							};
							com.apple.Push = {
								enabled = 1;
							};
						};
					};
				};
			};
			buildConfigurationList = 84C983E61FA611A60058FA7B /* Build configuration list for PBXProject "速递医疗 病人端" */;
			compatibilityVersion = "Xcode 8.0";
			developmentRegion = en;
			hasScannedForEncodings = 0;
			knownRegions = (
				en,
				Base,
			);
			mainGroup = 84C983E21FA611A60058FA7B;
			productRefGroup = 84C983EC1FA611A60058FA7B /* Products */;
			projectDirPath = "";
			projectRoot = "";
			targets = (
				84C983EA1FA611A60058FA7B /* PatientClient */,
			);
		};
/* End PBXProject section */

/* Begin PBXResourcesBuildPhase section */
		84C983E91FA611A60058FA7B /* Resources */ = {
			isa = PBXResourcesBuildPhase;
			buildActionMask = 2147483647;
			files = (
				8406477B1FA759A4009B21C4 /* Login.storyboard in Resources */,
				843C3EB41FA8A6EC0076EB8C /* Home.storyboard in Resources */,
				847C13A31FD2B86100B32BB7 /* test.caf in Resources */,
				8461E5611FE38F7C0096D041 /* MyDateTableViewCell.xib in Resources */,
				8496F80A1FE6113C0038D39E /* address.plist in Resources */,
				847C13981FD2B40300B32BB7 /* AlipaySDK.bundle in Resources */,
				84DDACDD1FE0C915004199FF /* InfoTableViewCell.xib in Resources */,
				84F0402E1FA9A48C003BCC54 /* HomeMainTableViewCell.xib in Resources */,
				84C983F91FA611A60058FA7B /* LaunchScreen.storyboard in Resources */,
				843C3EBC1FA946FB0076EB8C /* MyDoctor.storyboard in Resources */,
				841A27091FAD86D900D1A807 /* Date.storyboard in Resources */,
				84C983F41FA611A60058FA7B /* Main.storyboard in Resources */,
				84AB2F461FAEA22000E4B3EC /* Publish.storyboard in Resources */,
				84736B9F1FAC5592001E9AA5 /* MinePocketCollectionViewCell.xib in Resources */,
				2944684A200A1DEE00908009 /* EvaluateTableViewCell.xib in Resources */,
				843C3EBA1FA8AAC20076EB8C /* Assets.xcassets in Resources */,
				848A29891FAAFCAE00123A3F /* Mine.storyboard in Resources */,
				847C13A21FD2B86100B32BB7 /* BPushCerResource.bundle in Resources */,
			);
			runOnlyForDeploymentPostprocessing = 0;
		};
/* End PBXResourcesBuildPhase section */

/* Begin PBXShellScriptBuildPhase section */
		0160ECAEE438DE515AC9E3F7 /* [CP] Embed Pods Frameworks */ = {
			isa = PBXShellScriptBuildPhase;
			buildActionMask = 2147483647;
			files = (
			);
			inputPaths = (
				"${SRCROOT}/Pods/Target Support Files/Pods-速递医疗 病人端/Pods-速递医疗 病人端-frameworks.sh",
				"${BUILT_PRODUCTS_DIR}/Alamofire/Alamofire.framework",
				"${BUILT_PRODUCTS_DIR}/DACircularProgress/DACircularProgress.framework",
				"${BUILT_PRODUCTS_DIR}/EaseUILite/EaseUILite.framework",
				"${BUILT_PRODUCTS_DIR}/HJPhotoBrowser/HJPhotoBrowser.framework",
				"${PODS_ROOT}/HyphenateLite/ios_IM_HyphenateLite_sdk_3.3.7/HyphenateSDK/HyphenateLite.framework",
				"${BUILT_PRODUCTS_DIR}/Kingfisher/Kingfisher.framework",
				"${BUILT_PRODUCTS_DIR}/MBProgressHUD/MBProgressHUD.framework",
				"${BUILT_PRODUCTS_DIR}/MJRefresh/MJRefresh.framework",
				"${BUILT_PRODUCTS_DIR}/MWPhotoBrowser/MWPhotoBrowser.framework",
				"${BUILT_PRODUCTS_DIR}/Moya/Moya.framework",
				"${BUILT_PRODUCTS_DIR}/ObjectMapper/ObjectMapper.framework",
				"${BUILT_PRODUCTS_DIR}/Realm/Realm.framework",
				"${BUILT_PRODUCTS_DIR}/RealmSwift/RealmSwift.framework",
				"${BUILT_PRODUCTS_DIR}/Result/Result.framework",
				"${BUILT_PRODUCTS_DIR}/SDWebImage/SDWebImage.framework",
				"${BUILT_PRODUCTS_DIR}/SVProgressHUD/SVProgressHUD.framework",
				"${BUILT_PRODUCTS_DIR}/SnapKit/SnapKit.framework",
				"${BUILT_PRODUCTS_DIR}/SwiftHash/SwiftHash.framework",
				"${BUILT_PRODUCTS_DIR}/SwiftyJSON/SwiftyJSON.framework",
				"${BUILT_PRODUCTS_DIR}/Toast-Swift/Toast_Swift.framework",
			);
			name = "[CP] Embed Pods Frameworks";
			outputPaths = (
				"${TARGET_BUILD_DIR}/${FRAMEWORKS_FOLDER_PATH}/Alamofire.framework",
				"${TARGET_BUILD_DIR}/${FRAMEWORKS_FOLDER_PATH}/DACircularProgress.framework",
				"${TARGET_BUILD_DIR}/${FRAMEWORKS_FOLDER_PATH}/EaseUILite.framework",
				"${TARGET_BUILD_DIR}/${FRAMEWORKS_FOLDER_PATH}/HJPhotoBrowser.framework",
				"${TARGET_BUILD_DIR}/${FRAMEWORKS_FOLDER_PATH}/HyphenateLite.framework",
				"${TARGET_BUILD_DIR}/${FRAMEWORKS_FOLDER_PATH}/Kingfisher.framework",
				"${TARGET_BUILD_DIR}/${FRAMEWORKS_FOLDER_PATH}/MBProgressHUD.framework",
				"${TARGET_BUILD_DIR}/${FRAMEWORKS_FOLDER_PATH}/MJRefresh.framework",
				"${TARGET_BUILD_DIR}/${FRAMEWORKS_FOLDER_PATH}/MWPhotoBrowser.framework",
				"${TARGET_BUILD_DIR}/${FRAMEWORKS_FOLDER_PATH}/Moya.framework",
				"${TARGET_BUILD_DIR}/${FRAMEWORKS_FOLDER_PATH}/ObjectMapper.framework",
				"${TARGET_BUILD_DIR}/${FRAMEWORKS_FOLDER_PATH}/Realm.framework",
				"${TARGET_BUILD_DIR}/${FRAMEWORKS_FOLDER_PATH}/RealmSwift.framework",
				"${TARGET_BUILD_DIR}/${FRAMEWORKS_FOLDER_PATH}/Result.framework",
				"${TARGET_BUILD_DIR}/${FRAMEWORKS_FOLDER_PATH}/SDWebImage.framework",
				"${TARGET_BUILD_DIR}/${FRAMEWORKS_FOLDER_PATH}/SVProgressHUD.framework",
				"${TARGET_BUILD_DIR}/${FRAMEWORKS_FOLDER_PATH}/SnapKit.framework",
				"${TARGET_BUILD_DIR}/${FRAMEWORKS_FOLDER_PATH}/SwiftHash.framework",
				"${TARGET_BUILD_DIR}/${FRAMEWORKS_FOLDER_PATH}/SwiftyJSON.framework",
				"${TARGET_BUILD_DIR}/${FRAMEWORKS_FOLDER_PATH}/Toast_Swift.framework",
			);
			runOnlyForDeploymentPostprocessing = 0;
			shellPath = /bin/sh;
			shellScript = "\"${SRCROOT}/Pods/Target Support Files/Pods-速递医疗 病人端/Pods-速递医疗 病人端-frameworks.sh\"\n";
			showEnvVarsInLog = 0;
		};
		26DA3BB4EE36ABBA1E75EDB0 /* [CP] Check Pods Manifest.lock */ = {
			isa = PBXShellScriptBuildPhase;
			buildActionMask = 2147483647;
			files = (
			);
			inputPaths = (
				"${PODS_PODFILE_DIR_PATH}/Podfile.lock",
				"${PODS_ROOT}/Manifest.lock",
			);
			name = "[CP] Check Pods Manifest.lock";
			outputPaths = (
				"$(DERIVED_FILE_DIR)/Pods-速递医疗 病人端-checkManifestLockResult.txt",
			);
			runOnlyForDeploymentPostprocessing = 0;
			shellPath = /bin/sh;
			shellScript = "diff \"${PODS_PODFILE_DIR_PATH}/Podfile.lock\" \"${PODS_ROOT}/Manifest.lock\" > /dev/null\nif [ $? != 0 ] ; then\n    # print error to STDERR\n    echo \"error: The sandbox is not in sync with the Podfile.lock. Run 'pod install' or update your CocoaPods installation.\" >&2\n    exit 1\nfi\n# This output is used by Xcode 'outputs' to avoid re-running this script phase.\necho \"SUCCESS\" > \"${SCRIPT_OUTPUT_FILE_0}\"\n";
			showEnvVarsInLog = 0;
		};
		7542007DA0AF4A0390FD5346 /* [CP] Copy Pods Resources */ = {
			isa = PBXShellScriptBuildPhase;
			buildActionMask = 2147483647;
			files = (
			);
			inputPaths = (
			);
			name = "[CP] Copy Pods Resources";
			outputPaths = (
			);
			runOnlyForDeploymentPostprocessing = 0;
			shellPath = /bin/sh;
			shellScript = "\"${SRCROOT}/Pods/Target Support Files/Pods-速递医疗 病人端/Pods-速递医疗 病人端-resources.sh\"\n";
			showEnvVarsInLog = 0;
		};
		840088641FF679CD00D19BDC /* ShellScript */ = {
			isa = PBXShellScriptBuildPhase;
			buildActionMask = 2147483647;
			files = (
			);
			inputPaths = (
			);
			outputPaths = (
			);
			runOnlyForDeploymentPostprocessing = 0;
			shellPath = /bin/sh;
			shellScript = "#!/bin/sh\n#\n# Copyright 2016 Bugly, Tencent. All rights reserved.\n#\n# V1.4.0\n#\n# 2016.08.03\n#\n#\n#\n######################################################\n# 1. 脚本集成到Xcode工程的Target\n######################################################\n#\n# --- Copy the SCRIPT to the Run Script of Build Phases in the Xcode project ---\n#\n# #\nBUGLY_APP_ID=\"e0392726ce\"\n# #\nBUGLY_APP_KEY=\"a55d0dd7-c9a1-4726-b9c4-6a42ecf93d46\"\n# #\nBUNDLE_IDENTIFIER=\"com.victor.PatientClient\"\n# #\nUPLOAD_DSYM_ONLY=1\n#\n# # 脚本默认配置的版本格式为CFBundleShortVersionString(CFBundleVersion),  如果你修改默认的版本格式, 请设置此变量, 如果不想修改, 请忽略此设置\n# CUSTOMIZED_APP_VERSION=\"\"\n#\n# # Debug模式编译是否上传，1＝上传 0＝不上传，默认不上传\nUPLOAD_DEBUG_SYMBOLS=1\n#\n# # 模拟器编译是否上传，1=上传 0=不上传，默认不上传\n# UPLOAD_SIMULATOR_SYMBOLS=0\n#\n# #只有Archive操作时上传, 1=支持Archive上传 0=所有Release模式编译都上传\n# UPLOAD_ARCHIVE_ONLY=0\n#\n# #\n# source dSYMUpload.sh\n#\n# --- END OF SCRIPT ---\n#\n#\n#\n#\n#######################################################\n# 2. 脚本根据输入参数处理\n#######################################################\n#\n# #命令行下输入应用基本信息, .dSYM文件的父目录路径, 输出文件目录即可\n#\n# sh dSYMUpload.sh <bugly_app_id> <bugly_app_key> <app_bundle_identifier> <app_version> <dSYM_src_dir> <bSYMBOL_dest_dir>\n#\n# #\n#\n# #注意:\n# # 1. dSYMUpload.sh会调用buglySymboliOS.jar进行.dSYM解析，所以依赖Java运行时环境\n# # 2. dSYMUpload.sh和buglySymboliOS.jar的文件路径需一致\n#\n#\n\n#\n# --- CONTENT OF SCRIPT ---\n#\n\n# Bugly服务域名\nBUGLY_DSYM_UPLOAD_DOMAIN=\"api.bugly.qq.com\"\n\n# 注意jar工具的路径跟dSYMUpload.sh脚本路径一致, 请务必保证jar路径的正确性\nBUGLY_SYMBOL_JAR_PATH=\"dsymtool/buglySymboliOS.jar\"\n# 查找添加到系统目录的jar工具\nif [ ! -f \"${BUGLY_SYMBOL_JAR_PATH}\" ]; then\nBUGLY_SYMBOL_JAR_PATH=\"$HOME/bin/buglySymboliOS.jar\"\nfi\n\n# 打印错误信息\nfunction exitWithMessage(){\n    echo \"--------------------------------\"\n    echo \"${1}\"\n    echo \"--------------------------------\"\n    exit ${2}\n}\n\n# 上传bSYMBOL文件\nfunction dSYMUpload() {\n    P_APP_ID=\"$1\"\n    P_APP_KEY=\"$2\"\n    P_APP_BUNDLE_ID=\"$3\"\n    P_APP_VERSION=\"$4\"\n    P_BSYMBOL_ZIP_FILE=\"$5\"\n    \n    #\n    P_BSYMBOL_ZIP_FILE_NAME=${P_BSYMBOL_ZIP_FILE##*/}\n        P_BSYMBOL_ZIP_FILE_NAME=${P_BSYMBOL_ZIP_FILE_NAME//&/_}\n            P_BSYMBOL_ZIP_FILE_NAME=\"${P_BSYMBOL_ZIP_FILE_NAME// /_}\"\n            \n            DSYM_UPLOAD_URL=\"https://${BUGLY_DSYM_UPLOAD_DOMAIN}/openapi/file/upload/symbol?app_id=${P_APP_ID}&app_key=${P_APP_KEY}\"\n            echo \"dSYM upload url: ${DSYM_UPLOAD_URL}\"\n            \n            echo \"-----------------------------\"\n            STATUS=$(/usr/bin/curl -k \"${DSYM_UPLOAD_URL}\" --form \"api_version=1\" --form \"app_id=${P_APP_ID}\" --form \"app_key=${P_APP_KEY}\" --form \"symbolType=2\"  --form \"bundleId=${BUNDLE_IDENTIFIER}\" --form \"productVersion=${BUGLY_APP_VERSION}\" --form \"fileName=${P_BSYMBOL_ZIP_FILE_NAME}\" --form \"file=@${P_BSYMBOL_ZIP_FILE}\" --verbose)\n            echo \"-----------------------------\"\n            \n            UPLOAD_RESULT=\"FAILTURE\"\n            echo \"Bugly server response: ${STATUS}\"\n            if [ ! \"${STATUS}\" ]; then\n            echo \"Error: Failed to upload the zip archive file.\"\n            elif [[ \"${STATUS}\" == *\"{\\\"reponseCode\\\":\\\"0\\\"}\"* ]]; then\n            echo \"Success to upload the dSYM for the app [${BUNDLE_IDENTIFIER} ${BUGLY_APP_VERSION}]\"\n            UPLOAD_RESULT=\"SUCCESS\"\n            else\n            echo \"Error: Failed to upload the zip archive file to Bugly.\"\n            fi\n            \n            #Remove temp dSYM archive\n            #echo \"Remove temporary zip archive: ${DSYM_ZIP_FPATH}\"\n            #/bin/rm -f \"${DSYM_ZIP_FPATH}\"\n            \n            if [ \"$?\" -ne 0 ]; then\n            exitWithMessage \"Error: Failed to remove temporary zip archive.\" 0\n            fi\n            \n            echo \"--------------------------------\"\n            echo \"${UPLOAD_RESULT} - dSYM upload complete.\"\n            \n            if [[ \"${UPLOAD_RESULT}\" == \"FAILTURE\" ]]; then\n            echo \"--------------------------------\"\n            echo \"Failed to upload the dSYM\"\n            echo \"Please check the script and try it again.\"\n            fi\n        }\n        \n        # .dSYM解析为bSYMBOL文件\n        function dSYMParse() {\n            DSYM_FILE=\"$1\"\n            DSYM_SYMBOL_FILE=\"$2\"\n            \n            echo \"--------------------------------\"\n            echo \"Extract symbol info from .dSYM file. to ${DSYM_SYMBOL_FILE}\"\n            (/usr/bin/java -Xms512m -Xmx1024m -Dfile.encoding=UTF8 -jar \"${BUGLY_SYMBOL_JAR_PATH}\" -i \"${DSYM_FILE}\" -o \"${DSYM_SYMBOL_FILE}\" ) || exitWithMessage \"Error: Failed to extract symbols.\" 1\n            echo \"--------------------------------\"\n            \n        }\n        \n        # 执行\n        function run() {\n            \n            CONFIG_BUGLY_APP_ID=\"$1\"\n            CONFIG_BUGLY_APP_KEY=\"$2\"\n            \n            CONFIG_BUGLY_APP_BUNDLE_IDENTIFIER=\"$3\"\n            CONFIG_BUGLY_APP_VERSION=\"$4\"\n            CONFIG_DSYM_SOURCE_DIR=\"$5\"\n            CONFIG_DSYM_DEST_DIR=\"$6\"\n            CONFIG_UPLOAD_DSYM_ONLY=\"$7\"\n            \n            # 检查必须参数是否设置\n            if [ ! \"${CONFIG_BUGLY_APP_ID}\" ]; then\n            exitWithMessage \"Error: Bugly App ID not defined. Please set 'BUGLY_APP_ID' \" 0\n            fi\n            \n            if [[ \"${CONFIG_BUGLY_APP_ID}\" == *\"App ID\"* ]]; then\n            exitWithMessage \"Error: Bugly App ID not defined.\" 0\n            fi\n            \n            if [ ! \"${CONFIG_BUGLY_APP_KEY}\" ]; then\n            exitWithMessage \"Error: Bugly App Key not defined.\" 0\n            fi\n            \n            if [ ! \"${CONFIG_BUGLY_APP_BUNDLE_IDENTIFIER}\" ]; then\n            exitWithMessage \"Error: Bundle Identifier not defined.\" 0\n            fi\n            \n            if [ ! \"${CONFIG_BUGLY_APP_VERSION}\" ]; then\n            exitWithMessage \"Error: App Version not defined.\" 0\n            fi\n            \n            if [ ! -e \"${CONFIG_DSYM_SOURCE_DIR}\" ]; then\n            exitWithMessage \"Error: Invalid dir ${CONFIG_DSYM_SOURCE_DIR}\" 0\n            fi\n            \n            if [ ! \"${CONFIG_DSYM_DEST_DIR}\" ]; then\n            exitWithMessage \"Error: Invalid dir ${CONFIG_DSYM_DEST_DIR}\" 0\n            fi\n            \n            if [ ! -e \"${CONFIG_DSYM_DEST_DIR}\" ]; then\n            mkdir ${CONFIG_DSYM_DEST_DIR}\n            fi\n            \n            DSYM_FOLDER=\"${CONFIG_DSYM_SOURCE_DIR}\"\n            IFS=$'\\n'\n            \n            echo \"Scaning dSYM FOLDER: ${DSYM_FOLDER} ...\"\n            RET=\"F\"\n            \n            #\n            for dsymFile in $(find \"$DSYM_FOLDER\" -name '*.dSYM'); do\n            RET=\"T\"\n            echo \"Found dSYM file: $dsymFile\"\n            \n            DSYM_FILE_NAME=${dsymFile##*/}\n                DSYM_SYMBOL_ZIP_FILE_NAME=\"${DSYM_FILE_NAME}.zip\"\n                DSYM_SYMBOL_ZIP_FILE_NAME=\"${DSYM_SYMBOL_ZIP_FILE_NAME// /_}\"\n                DSYM_SYMBOL_ZIP_FILE=${CONFIG_DSYM_DEST_DIR}/${DSYM_SYMBOL_ZIP_FILE_NAME}\n                \n                if [ $CONFIG_UPLOAD_DSYM_ONLY -eq 1 ]; then\n                if [ -e $DSYM_SYMBOL_ZIP_FILE ]; then\n                rm -f $DSYM_SYMBOL_ZIP_FILE\n                fi\n                # 如果只上传dSYM，直接压缩dSYM目录\n                zip -r -j $DSYM_SYMBOL_ZIP_FILE $dsymFile -x *.plist\n                else\n                # 使用符号表工具来生成Symbol文件\n                dSYMParse $dsymFile $DSYM_SYMBOL_ZIP_FILE\n                fi\n                \n                # 上传\n                dSYMUpload $CONFIG_BUGLY_APP_ID $CONFIG_BUGLY_APP_KEY $CONFIG_BUGLY_APP_BUNDLE_IDENTIFIER $CONFIG_BUGLY_APP_VERSION $DSYM_SYMBOL_ZIP_FILE\n                done\n                \n                if [ $RET = \"F\" ]; then\n                exitWithMessage \"No .dSYM found in ${DSYM_FOLDER}\" 0\n                fi\n            }\n            \n            # 在Xcode工程中执行\n            function runInXcode(){\n                echo \"Uploading dSYM to Bugly in Xcode ...\"\n                \n                echo \"Info.Plist : ${INFOPLIST_FILE}\"\n                \n                BUNDLE_VERSION=$(/usr/libexec/PlistBuddy -c 'Print CFBundleVersion' \"${INFOPLIST_FILE}\")\n                BUNDLE_SHORT_VERSION=$(/usr/libexec/PlistBuddy -c 'Print CFBundleShortVersionString' \"${INFOPLIST_FILE}\")\n                \n                # 组装Bugly默认识别的版本信息(格式为CFBundleShortVersionString(CFBundleVersion), 例如: 1.0(1))\n                if [ ! \"${CUSTOMIZED_APP_VERSION}\" ]; then\n                BUGLY_APP_VERSION=\"${BUNDLE_SHORT_VERSION}(${BUNDLE_VERSION})\"\n                else\n                BUGLY_APP_VERSION=\"${CUSTOMIZED_APP_VERSION}\"\n                fi\n                \n                echo \"--------------------------------\"\n                echo \"Prepare application information.\"\n                echo \"--------------------------------\"\n                \n                echo \"Product Name: ${PRODUCT_NAME}\"\n                echo \"Bundle Identifier: ${BUNDLE_IDENTIFIER}\"\n                echo \"Version: ${BUNDLE_SHORT_VERSION}\"\n                echo \"Build: ${BUNDLE_VERSION}\"\n                \n                echo \"Bugly App ID: ${BUGLY_APP_ID}\"\n                echo \"Bugly App key: ${BUGLY_APP_KEY}\"\n                echo \"Bugly App Version: ${BUGLY_APP_VERSION}\"\n                \n                echo \"--------------------------------\"\n                echo \"Check the arguments ...\"\n                \n                ##检查模拟器编译是否允许上传符号\n                if [ \"$EFFECTIVE_PLATFORM_NAME\" == \"-iphonesimulator\" ]; then\n                if [ $UPLOAD_SIMULATOR_SYMBOLS -eq 0 ]; then\n                exitWithMessage \"Warning: Build for simulator and skipping to upload. \\nYou can modify 'UPLOAD_SIMULATOR_SYMBOLS' to 1 in the script.\" 0\n                fi\n                fi\n                \n                ##检查是否是Release模式编译\n                if [ \"${CONFIGURATION=}\" == \"Debug\" ]; then\n                if [ $UPLOAD_DEBUG_SYMBOLS -eq 0 ]; then\n                exitWithMessage \"Warning: Build for debug mode and skipping to upload. \\nYou can modify 'UPLOAD_DEBUG_SYMBOLS' to 1 in the script.\" 0\n                fi\n                fi\n                \n                ##检查是否Archive操作\n                if [ $UPLOAD_ARCHIVE_ONLY -eq 1 ]; then\n                if [[ \"$TARGET_BUILD_DIR\" == *\"/Archive\"* ]]; then\n                echo \"Archive the package\"\n                else\n                exitWithMessage \"Warning: Build for NOT Archive mode and skipping to upload. \\nYou can modify 'UPLOAD_ARCHIVE_ONLY' to 0 in the script.\" 0\n                fi\n                fi\n                \n                #\n                run ${BUGLY_APP_ID} ${BUGLY_APP_KEY} ${BUNDLE_IDENTIFIER} ${BUGLY_APP_VERSION} ${DWARF_DSYM_FOLDER_PATH} ${BUILD_DIR}/BuglySymbolTemp ${UPLOAD_DSYM_ONLY}\n            }\n            \n            # 根据Xcode的环境变量判断是否处于Xcode环境\n            INFO_PLIST_FILE=\"${INFOPLIST_FILE}\"\n            \n            BuildInXcode=\"F\"\n            if [ -f \"${INFO_PLIST_FILE}\" ]; then\n            BuildInXcode=\"T\"\n            fi\n            \n            if [ $BuildInXcode = \"T\" ]; then\n            runInXcode\n            else\n            echo \"\\nUsage: dSYMUpload.sh <bugly_app_id> <bugly_app_key> <app_bundle_identifier> <app_version> <dSYM_src_dir> <bSYMBOL_dest_dir> [upload_dsym_only]\\n\"\n            # 你可以在此处直接设置BuglyAppID和BuglyAppKey，排除不常变参数的输入\n            BUGLY_APP_ID=\"$1\"\n            BUGLY_APP_KEY=\"$2\"\n            BUNDLE_IDENTIFIER=\"$3\"\n            BUGLY_APP_VERSION=\"$4\"\n            DWARF_DSYM_FOLDER_PATH=\"$5\"\n            SYMBOL_OUTPUT_PATH=\"$6\"\n            UPLOAD_DSYM_ONLY=$7\n            run ${BUGLY_APP_ID} ${BUGLY_APP_KEY} ${BUNDLE_IDENTIFIER} ${BUGLY_APP_VERSION} ${DWARF_DSYM_FOLDER_PATH} ${SYMBOL_OUTPUT_PATH} ${UPLOAD_DSYM_ONLY}\n            fi\n";
		};
/* End PBXShellScriptBuildPhase section */

/* Begin PBXSourcesBuildPhase section */
		84C983E71FA611A60058FA7B /* Sources */ = {
			isa = PBXSourcesBuildPhase;
			buildActionMask = 2147483647;
			files = (
				841A27071FAD850800D1A807 /* Date_main.swift in Sources */,
				8495136D1FE4FE5100C9E261 /* EvaluateViewController.swift in Sources */,
				843C3EB71FA8A7860076EB8C /* Home_DoctorDetail.swift in Sources */,
				847DD0D51FAEE2B50077F78A /* Publish_add.swift in Sources */,
				846D885A1FAC067C00DE6308 /* BaseTableView.swift in Sources */,
				84C983F11FA611A60058FA7B /* ViewController.swift in Sources */,
				840647741FA6A6E4009B21C4 /* XLSlideSegmentedItem.m in Sources */,
				84736BA11FAC564A001E9AA5 /* Mine_pocket.swift in Sources */,
				849BAA5C1FAD534100871EA8 /* Date_page.swift in Sources */,
				843A958C1FAEA81D00434254 /* Publish_page.swift in Sources */,
				840647361FA62D03009B21C4 /* Util.swift in Sources */,
				8495136B1FE4F86000C9E261 /* RatingController.swift in Sources */,
				84DDACDC1FE0C915004199FF /* InfoTableViewCell.swift in Sources */,
				8461E5621FE38F7C0096D041 /* MyDateTableViewCell.swift in Sources */,
				8406477F1FA770D8009B21C4 /* LoginViewController.swift in Sources */,
				84031D171FCD52EB0058D437 /* PublishCell.swift in Sources */,
				849513691FE4156100C9E261 /* SetDateCollectionViewCell.swift in Sources */,
				8461E55A1FE273600096D041 /* ResetViewController.swift in Sources */,
				843C3EB81FA8A7860076EB8C /* Home_main.swift in Sources */,
				841A27031FAD5AE500D1A807 /* MyDoctorTableViewCell.swift in Sources */,
				84C984061FA618060058FA7B /* BaseViewController.swift in Sources */,
				84736B9E1FAC5592001E9AA5 /* MinePocketCollectionViewCell.swift in Sources */,
				84C984021FA617F00058FA7B /* ModelBean.swift in Sources */,
				846D885C1FAC106400DE6308 /* Mine_setting.swift in Sources */,
				8461E55E1FE36C290096D041 /* Mine_msg_main.swift in Sources */,
				843A958A1FAEA66B00434254 /* Publish_main.swift in Sources */,
				84F4DF881FF0D340000855B0 /* Order_Detail.swift in Sources */,
				840647721FA6A6E4009B21C4 /* XLSegmentedSlideSwitch.m in Sources */,
				840647811FA80898009B21C4 /* BaseAPIBean.swift in Sources */,
				84736BA31FAC5ADA001E9AA5 /* Mine_family.swift in Sources */,
				840647751FA6A6E4009B21C4 /* XLSlideSwitch.m in Sources */,
				84C983EF1FA611A60058FA7B /* AppDelegate.swift in Sources */,
				29446849200A1DEE00908009 /* EvaluateTableViewCell.swift in Sources */,
				84DDACDF1FE0C96F004199FF /* EditViewController.swift in Sources */,
				840B1EA41FEA511400A6A94E /* Mine_info_photo.swift in Sources */,
				846D88621FAC26EC00DE6308 /* Mine_order.swift in Sources */,
				840647321FA62C1B009B21C4 /* CustomButton.swift in Sources */,
				8406477E1FA770D8009B21C4 /* RegisterViewController.swift in Sources */,
				84C9840E1FA618EF0058FA7B /* API.swift in Sources */,
				848A298B1FAB092900123A3F /* Mine_main.swift in Sources */,
				84F0402D1FA9A48C003BCC54 /* HomeMainTableViewCell.swift in Sources */,
				849BAA5D1FAD534100871EA8 /* MyDoctor_main.swift in Sources */,
				847C13A61FD2D62000B32BB7 /* BaseCollectionView.swift in Sources */,
				840647731FA6A6E4009B21C4 /* XLSlideSegmented.m in Sources */,
				8461E55C1FE366630096D041 /* ChatViewController.swift in Sources */,
				84C984071FA618060058FA7B /* MainViewController.swift in Sources */,
				84939BC81FAC8F050062062C /* Mine_info.swift in Sources */,
				840647351FA62D03009B21C4 /* Extension.swift in Sources */,
			);
			runOnlyForDeploymentPostprocessing = 0;
		};
/* End PBXSourcesBuildPhase section */

/* Begin PBXVariantGroup section */
		84C983F21FA611A60058FA7B /* Main.storyboard */ = {
			isa = PBXVariantGroup;
			children = (
				84C983F31FA611A60058FA7B /* Base */,
			);
			name = Main.storyboard;
			sourceTree = "<group>";
		};
		84C983F71FA611A60058FA7B /* LaunchScreen.storyboard */ = {
			isa = PBXVariantGroup;
			children = (
				84C983F81FA611A60058FA7B /* Base */,
			);
			name = LaunchScreen.storyboard;
			sourceTree = "<group>";
		};
/* End PBXVariantGroup section */

/* Begin XCBuildConfiguration section */
		84C983FB1FA611A60058FA7B /* Debug */ = {
			isa = XCBuildConfiguration;
			buildSettings = {
				ALWAYS_SEARCH_USER_PATHS = NO;
				CLANG_ANALYZER_NONNULL = YES;
				CLANG_ANALYZER_NUMBER_OBJECT_CONVERSION = YES_AGGRESSIVE;
				CLANG_CXX_LANGUAGE_STANDARD = "gnu++14";
				CLANG_CXX_LIBRARY = "libc++";
				CLANG_ENABLE_MODULES = YES;
				CLANG_ENABLE_OBJC_ARC = YES;
				CLANG_WARN_BLOCK_CAPTURE_AUTORELEASING = YES;
				CLANG_WARN_BOOL_CONVERSION = YES;
				CLANG_WARN_COMMA = YES;
				CLANG_WARN_CONSTANT_CONVERSION = YES;
				CLANG_WARN_DIRECT_OBJC_ISA_USAGE = YES_ERROR;
				CLANG_WARN_DOCUMENTATION_COMMENTS = YES;
				CLANG_WARN_EMPTY_BODY = YES;
				CLANG_WARN_ENUM_CONVERSION = YES;
				CLANG_WARN_INFINITE_RECURSION = YES;
				CLANG_WARN_INT_CONVERSION = YES;
				CLANG_WARN_NON_LITERAL_NULL_CONVERSION = YES;
				CLANG_WARN_OBJC_LITERAL_CONVERSION = YES;
				CLANG_WARN_OBJC_ROOT_CLASS = YES_ERROR;
				CLANG_WARN_RANGE_LOOP_ANALYSIS = YES;
				CLANG_WARN_STRICT_PROTOTYPES = YES;
				CLANG_WARN_SUSPICIOUS_MOVE = YES;
				CLANG_WARN_UNGUARDED_AVAILABILITY = YES_AGGRESSIVE;
				CLANG_WARN_UNREACHABLE_CODE = YES;
				CLANG_WARN__DUPLICATE_METHOD_MATCH = YES;
				CODE_SIGN_IDENTITY = "iPhone Developer";
				COPY_PHASE_STRIP = NO;
				DEBUG_INFORMATION_FORMAT = dwarf;
				ENABLE_STRICT_OBJC_MSGSEND = YES;
				ENABLE_TESTABILITY = YES;
				GCC_C_LANGUAGE_STANDARD = gnu11;
				GCC_DYNAMIC_NO_PIC = NO;
				GCC_NO_COMMON_BLOCKS = YES;
				GCC_OPTIMIZATION_LEVEL = 0;
				GCC_PREPROCESSOR_DEFINITIONS = (
					"DEBUG=1",
					"$(inherited)",
				);
				GCC_WARN_64_TO_32_BIT_CONVERSION = YES;
				GCC_WARN_ABOUT_RETURN_TYPE = YES_ERROR;
				GCC_WARN_UNDECLARED_SELECTOR = YES;
				GCC_WARN_UNINITIALIZED_AUTOS = YES_AGGRESSIVE;
				GCC_WARN_UNUSED_FUNCTION = YES;
				GCC_WARN_UNUSED_VARIABLE = YES;
				IPHONEOS_DEPLOYMENT_TARGET = 10.0;
				MTL_ENABLE_DEBUG_INFO = YES;
				ONLY_ACTIVE_ARCH = YES;
				SDKROOT = iphoneos;
				SWIFT_ACTIVE_COMPILATION_CONDITIONS = DEBUG;
				SWIFT_OPTIMIZATION_LEVEL = "-Onone";
			};
			name = Debug;
		};
		84C983FC1FA611A60058FA7B /* Release */ = {
			isa = XCBuildConfiguration;
			buildSettings = {
				ALWAYS_SEARCH_USER_PATHS = NO;
				CLANG_ANALYZER_NONNULL = YES;
				CLANG_ANALYZER_NUMBER_OBJECT_CONVERSION = YES_AGGRESSIVE;
				CLANG_CXX_LANGUAGE_STANDARD = "gnu++14";
				CLANG_CXX_LIBRARY = "libc++";
				CLANG_ENABLE_MODULES = YES;
				CLANG_ENABLE_OBJC_ARC = YES;
				CLANG_WARN_BLOCK_CAPTURE_AUTORELEASING = YES;
				CLANG_WARN_BOOL_CONVERSION = YES;
				CLANG_WARN_COMMA = YES;
				CLANG_WARN_CONSTANT_CONVERSION = YES;
				CLANG_WARN_DIRECT_OBJC_ISA_USAGE = YES_ERROR;
				CLANG_WARN_DOCUMENTATION_COMMENTS = YES;
				CLANG_WARN_EMPTY_BODY = YES;
				CLANG_WARN_ENUM_CONVERSION = YES;
				CLANG_WARN_INFINITE_RECURSION = YES;
				CLANG_WARN_INT_CONVERSION = YES;
				CLANG_WARN_NON_LITERAL_NULL_CONVERSION = YES;
				CLANG_WARN_OBJC_LITERAL_CONVERSION = YES;
				CLANG_WARN_OBJC_ROOT_CLASS = YES_ERROR;
				CLANG_WARN_RANGE_LOOP_ANALYSIS = YES;
				CLANG_WARN_STRICT_PROTOTYPES = YES;
				CLANG_WARN_SUSPICIOUS_MOVE = YES;
				CLANG_WARN_UNGUARDED_AVAILABILITY = YES_AGGRESSIVE;
				CLANG_WARN_UNREACHABLE_CODE = YES;
				CLANG_WARN__DUPLICATE_METHOD_MATCH = YES;
				CODE_SIGN_IDENTITY = "iPhone Developer";
				COPY_PHASE_STRIP = NO;
				DEBUG_INFORMATION_FORMAT = "dwarf-with-dsym";
				ENABLE_NS_ASSERTIONS = NO;
				ENABLE_STRICT_OBJC_MSGSEND = YES;
				GCC_C_LANGUAGE_STANDARD = gnu11;
				GCC_NO_COMMON_BLOCKS = YES;
				GCC_WARN_64_TO_32_BIT_CONVERSION = YES;
				GCC_WARN_ABOUT_RETURN_TYPE = YES_ERROR;
				GCC_WARN_UNDECLARED_SELECTOR = YES;
				GCC_WARN_UNINITIALIZED_AUTOS = YES_AGGRESSIVE;
				GCC_WARN_UNUSED_FUNCTION = YES;
				GCC_WARN_UNUSED_VARIABLE = YES;
				IPHONEOS_DEPLOYMENT_TARGET = 10.0;
				MTL_ENABLE_DEBUG_INFO = NO;
				SDKROOT = iphoneos;
				SWIFT_OPTIMIZATION_LEVEL = "-Owholemodule";
				VALIDATE_PRODUCT = YES;
			};
			name = Release;
		};
		84C983FE1FA611A60058FA7B /* Debug */ = {
			isa = XCBuildConfiguration;
			baseConfigurationReference = 34CAB850216A56570E87C8D2 /* Pods-速递医疗 病人端.debug.xcconfig */;
			buildSettings = {
				ASSETCATALOG_COMPILER_APPICON_NAME = AppIcon;
				CODE_SIGN_ENTITLEMENTS = "速递医疗 病人端/速递医疗 病人端.entitlements";
				CODE_SIGN_STYLE = Automatic;
				DEVELOPMENT_TEAM = 4RH4DUFC64;
				FRAMEWORK_SEARCH_PATHS = (
					"$(inherited)",
					"$(PROJECT_DIR)/速递医疗\\ 病人端/Libs",
					"$(PROJECT_DIR)/速递医疗\\ 病人端/Libs",
					"$(PROJECT_DIR)/速递医疗\\ 病人端/Libs",
					"$(PROJECT_DIR)/速递医疗\\ 病人端/Libs",
					"$(PROJECT_DIR)/速递医疗\\ 病人端/Libs",
				);
				INFOPLIST_FILE = "速递医疗 病人端/Info.plist";
				LD_RUNPATH_SEARCH_PATHS = "$(inherited) @executable_path/Frameworks";
				LIBRARY_SEARCH_PATHS = (
					"$(inherited)",
					"$(PROJECT_DIR)/速递医疗\\ 病人端/Libs/LibBPush",
				);
				PRODUCT_BUNDLE_IDENTIFIER = com.victor.PatientClient;
				PRODUCT_NAME = "$(TARGET_NAME)";
				SWIFT_OBJC_BRIDGING_HEADER = "$(SRCROOT)/速递医疗 病人端/Bridging-Header.h";
				SWIFT_VERSION = 4.0;
				TARGETED_DEVICE_FAMILY = "1,2";
			};
			name = Debug;
		};
		84C983FF1FA611A60058FA7B /* Release */ = {
			isa = XCBuildConfiguration;
			baseConfigurationReference = AFA4C207599FEB4E0FA6C085 /* Pods-速递医疗 病人端.release.xcconfig */;
			buildSettings = {
				ASSETCATALOG_COMPILER_APPICON_NAME = AppIcon;
				CODE_SIGN_ENTITLEMENTS = "速递医疗 病人端/速递医疗 病人端.entitlements";
				CODE_SIGN_STYLE = Automatic;
				DEVELOPMENT_TEAM = 4RH4DUFC64;
				FRAMEWORK_SEARCH_PATHS = (
					"$(inherited)",
					"$(PROJECT_DIR)/速递医疗\\ 病人端/Libs",
					"$(PROJECT_DIR)/速递医疗\\ 病人端/Libs",
					"$(PROJECT_DIR)/速递医疗\\ 病人端/Libs",
					"$(PROJECT_DIR)/速递医疗\\ 病人端/Libs",
					"$(PROJECT_DIR)/速递医疗\\ 病人端/Libs",
				);
				INFOPLIST_FILE = "速递医疗 病人端/Info.plist";
				LD_RUNPATH_SEARCH_PATHS = "$(inherited) @executable_path/Frameworks";
				LIBRARY_SEARCH_PATHS = (
					"$(inherited)",
					"$(PROJECT_DIR)/速递医疗\\ 病人端/Libs/LibBPush",
				);
				PRODUCT_BUNDLE_IDENTIFIER = com.victor.PatientClient;
				PRODUCT_NAME = "$(TARGET_NAME)";
				SWIFT_OBJC_BRIDGING_HEADER = "$(SRCROOT)/速递医疗 病人端/Bridging-Header.h";
				SWIFT_VERSION = 4.0;
				TARGETED_DEVICE_FAMILY = "1,2";
			};
			name = Release;
		};
/* End XCBuildConfiguration section */

/* Begin XCConfigurationList section */
		84C983E61FA611A60058FA7B /* Build configuration list for PBXProject "速递医疗 病人端" */ = {
			isa = XCConfigurationList;
			buildConfigurations = (
				84C983FB1FA611A60058FA7B /* Debug */,
				84C983FC1FA611A60058FA7B /* Release */,
			);
			defaultConfigurationIsVisible = 0;
			defaultConfigurationName = Release;
		};
		84C983FD1FA611A60058FA7B /* Build configuration list for PBXNativeTarget "PatientClient" */ = {
			isa = XCConfigurationList;
			buildConfigurations = (
				84C983FE1FA611A60058FA7B /* Debug */,
				84C983FF1FA611A60058FA7B /* Release */,
			);
			defaultConfigurationIsVisible = 0;
			defaultConfigurationName = Release;
		};
/* End XCConfigurationList section */
	};
	rootObject = 84C983E31FA611A60058FA7B /* Project object */;
}
