// !$*UTF8*$!
{
	archiveVersion = 1;
	classes = {
	};
	objectVersion = 48;
	objects = {

/* Begin PBXBuildFile section */
		69A48EF81A7060F810D582DE /* Pods_________.framework in Frameworks */ = {isa = PBXBuildFile; fileRef = 1A6FE386D3244A2B5232BE91 /* Pods_________.framework */; };
		840647321FA62C1B009B21C4 /* CustomButton.swift in Sources */ = {isa = PBXBuildFile; fileRef = 840647311FA62C1B009B21C4 /* CustomButton.swift */; };
		840647351FA62D03009B21C4 /* Extension.swift in Sources */ = {isa = PBXBuildFile; fileRef = 840647331FA62D03009B21C4 /* Extension.swift */; };
		840647361FA62D03009B21C4 /* Util.swift in Sources */ = {isa = PBXBuildFile; fileRef = 840647341FA62D03009B21C4 /* Util.swift */; };
		840647721FA6A6E4009B21C4 /* XLSegmentedSlideSwitch.m in Sources */ = {isa = PBXBuildFile; fileRef = 8406476A1FA6A6E4009B21C4 /* XLSegmentedSlideSwitch.m */; };
		840647731FA6A6E4009B21C4 /* XLSlideSegmented.m in Sources */ = {isa = PBXBuildFile; fileRef = 8406476C1FA6A6E4009B21C4 /* XLSlideSegmented.m */; };
		840647741FA6A6E4009B21C4 /* XLSlideSegmentedItem.m in Sources */ = {isa = PBXBuildFile; fileRef = 8406476E1FA6A6E4009B21C4 /* XLSlideSegmentedItem.m */; };
		840647751FA6A6E4009B21C4 /* XLSlideSwitch.m in Sources */ = {isa = PBXBuildFile; fileRef = 840647701FA6A6E4009B21C4 /* XLSlideSwitch.m */; };
		8406477B1FA759A4009B21C4 /* Login.storyboard in Resources */ = {isa = PBXBuildFile; fileRef = 8406477A1FA759A4009B21C4 /* Login.storyboard */; };
		8406477E1FA770D8009B21C4 /* RegisterViewController.swift in Sources */ = {isa = PBXBuildFile; fileRef = 8406477C1FA770D7009B21C4 /* RegisterViewController.swift */; };
		8406477F1FA770D8009B21C4 /* LoginViewController.swift in Sources */ = {isa = PBXBuildFile; fileRef = 8406477D1FA770D7009B21C4 /* LoginViewController.swift */; };
		840647811FA80898009B21C4 /* BaseAPIBean.swift in Sources */ = {isa = PBXBuildFile; fileRef = 840647801FA80897009B21C4 /* BaseAPIBean.swift */; };
		841A27031FAD5AE500D1A807 /* MyDoctorTableViewCell.swift in Sources */ = {isa = PBXBuildFile; fileRef = 841A27021FAD5AE500D1A807 /* MyDoctorTableViewCell.swift */; };
		841A27071FAD850800D1A807 /* Date_main.swift in Sources */ = {isa = PBXBuildFile; fileRef = 841A27061FAD850800D1A807 /* Date_main.swift */; };
		841A27091FAD86D900D1A807 /* Date.storyboard in Resources */ = {isa = PBXBuildFile; fileRef = 841A27081FAD86D900D1A807 /* Date.storyboard */; };
		841A270B1FAD8F0E00D1A807 /* RefreashViewController.swift in Sources */ = {isa = PBXBuildFile; fileRef = 841A270A1FAD8F0E00D1A807 /* RefreashViewController.swift */; };
		843C3EB41FA8A6EC0076EB8C /* Home.storyboard in Resources */ = {isa = PBXBuildFile; fileRef = 843C3EB31FA8A6EC0076EB8C /* Home.storyboard */; };
		843C3EB71FA8A7860076EB8C /* Home_DoctorDetail.swift in Sources */ = {isa = PBXBuildFile; fileRef = 843C3EB51FA8A7860076EB8C /* Home_DoctorDetail.swift */; };
		843C3EB81FA8A7860076EB8C /* Home_main.swift in Sources */ = {isa = PBXBuildFile; fileRef = 843C3EB61FA8A7860076EB8C /* Home_main.swift */; };
		843C3EBA1FA8AAC20076EB8C /* Assets.xcassets in Resources */ = {isa = PBXBuildFile; fileRef = 843C3EB91FA8AAC20076EB8C /* Assets.xcassets */; };
		843C3EBC1FA946FB0076EB8C /* MyDoctor.storyboard in Resources */ = {isa = PBXBuildFile; fileRef = 843C3EBB1FA946FB0076EB8C /* MyDoctor.storyboard */; };
		846D885A1FAC067C00DE6308 /* BaseTableView.swift in Sources */ = {isa = PBXBuildFile; fileRef = 846D88591FAC067C00DE6308 /* BaseTableView.swift */; };
		846D885C1FAC106400DE6308 /* Mine_setting.swift in Sources */ = {isa = PBXBuildFile; fileRef = 846D885B1FAC106400DE6308 /* Mine_setting.swift */; };
		846D885F1FAC223300DE6308 /* MineOrderCollectionViewCell.swift in Sources */ = {isa = PBXBuildFile; fileRef = 846D885D1FAC223300DE6308 /* MineOrderCollectionViewCell.swift */; };
		846D88601FAC223300DE6308 /* MineOrderCollectionViewCell.xib in Resources */ = {isa = PBXBuildFile; fileRef = 846D885E1FAC223300DE6308 /* MineOrderCollectionViewCell.xib */; };
		846D88621FAC26EC00DE6308 /* Mine_order.swift in Sources */ = {isa = PBXBuildFile; fileRef = 846D88611FAC26EC00DE6308 /* Mine_order.swift */; };
		84736B9E1FAC5592001E9AA5 /* MinePocketCollectionViewCell.swift in Sources */ = {isa = PBXBuildFile; fileRef = 84736B9C1FAC5592001E9AA5 /* MinePocketCollectionViewCell.swift */; };
		84736B9F1FAC5592001E9AA5 /* MinePocketCollectionViewCell.xib in Resources */ = {isa = PBXBuildFile; fileRef = 84736B9D1FAC5592001E9AA5 /* MinePocketCollectionViewCell.xib */; };
		84736BA11FAC564A001E9AA5 /* Mine_pocket.swift in Sources */ = {isa = PBXBuildFile; fileRef = 84736BA01FAC564A001E9AA5 /* Mine_pocket.swift */; };
		84736BA31FAC5ADA001E9AA5 /* Mine_family.swift in Sources */ = {isa = PBXBuildFile; fileRef = 84736BA21FAC5ADA001E9AA5 /* Mine_family.swift */; };
		848A29891FAAFCAE00123A3F /* Mine.storyboard in Resources */ = {isa = PBXBuildFile; fileRef = 848A29881FAAFCAE00123A3F /* Mine.storyboard */; };
		848A298B1FAB092900123A3F /* Mine_main.swift in Sources */ = {isa = PBXBuildFile; fileRef = 848A298A1FAB092900123A3F /* Mine_main.swift */; };
		84939BC81FAC8F050062062C /* Mine_info.swift in Sources */ = {isa = PBXBuildFile; fileRef = 84939BC71FAC8F050062062C /* Mine_info.swift */; };
		84939BCC1FACA8540062062C /* BaseCollectionView.swift in Sources */ = {isa = PBXBuildFile; fileRef = 84939BCB1FACA8540062062C /* BaseCollectionView.swift */; };
		849BAA5C1FAD534100871EA8 /* Date_page.swift in Sources */ = {isa = PBXBuildFile; fileRef = 849BAA5A1FAD534100871EA8 /* Date_page.swift */; };
		849BAA5D1FAD534100871EA8 /* MyDoctor_main.swift in Sources */ = {isa = PBXBuildFile; fileRef = 849BAA5B1FAD534100871EA8 /* MyDoctor_main.swift */; };
		84C983EF1FA611A60058FA7B /* AppDelegate.swift in Sources */ = {isa = PBXBuildFile; fileRef = 84C983EE1FA611A60058FA7B /* AppDelegate.swift */; };
		84C983F11FA611A60058FA7B /* ViewController.swift in Sources */ = {isa = PBXBuildFile; fileRef = 84C983F01FA611A60058FA7B /* ViewController.swift */; };
		84C983F41FA611A60058FA7B /* Main.storyboard in Resources */ = {isa = PBXBuildFile; fileRef = 84C983F21FA611A60058FA7B /* Main.storyboard */; };
		84C983F91FA611A60058FA7B /* LaunchScreen.storyboard in Resources */ = {isa = PBXBuildFile; fileRef = 84C983F71FA611A60058FA7B /* LaunchScreen.storyboard */; };
		84C984021FA617F00058FA7B /* ModelBean.swift in Sources */ = {isa = PBXBuildFile; fileRef = 84C984011FA617F00058FA7B /* ModelBean.swift */; };
		84C984061FA618060058FA7B /* BaseViewController.swift in Sources */ = {isa = PBXBuildFile; fileRef = 84C984041FA618060058FA7B /* BaseViewController.swift */; };
		84C984071FA618060058FA7B /* MainViewController.swift in Sources */ = {isa = PBXBuildFile; fileRef = 84C984051FA618060058FA7B /* MainViewController.swift */; };
		84C9840E1FA618EF0058FA7B /* API.swift in Sources */ = {isa = PBXBuildFile; fileRef = 84C9840D1FA618EE0058FA7B /* API.swift */; };
		84F0402D1FA9A48C003BCC54 /* HomeMainTableViewCell.swift in Sources */ = {isa = PBXBuildFile; fileRef = 84F0402B1FA9A48C003BCC54 /* HomeMainTableViewCell.swift */; };
		84F0402E1FA9A48C003BCC54 /* HomeMainTableViewCell.xib in Resources */ = {isa = PBXBuildFile; fileRef = 84F0402C1FA9A48C003BCC54 /* HomeMainTableViewCell.xib */; };
/* End PBXBuildFile section */

/* Begin PBXFileReference section */
		1A6FE386D3244A2B5232BE91 /* Pods_________.framework */ = {isa = PBXFileReference; explicitFileType = wrapper.framework; includeInIndex = 0; path = "Pods_________.framework"; sourceTree = BUILT_PRODUCTS_DIR; };
		34CAB850216A56570E87C8D2 /* Pods-速递医疗 病人端.debug.xcconfig */ = {isa = PBXFileReference; includeInIndex = 1; lastKnownFileType = text.xcconfig; name = "Pods-速递医疗 病人端.debug.xcconfig"; path = "Pods/Target Support Files/Pods-速递医疗 病人端/Pods-速递医疗 病人端.debug.xcconfig"; sourceTree = "<group>"; };
		840647311FA62C1B009B21C4 /* CustomButton.swift */ = {isa = PBXFileReference; lastKnownFileType = sourcecode.swift; path = CustomButton.swift; sourceTree = "<group>"; };
		840647331FA62D03009B21C4 /* Extension.swift */ = {isa = PBXFileReference; fileEncoding = 4; lastKnownFileType = sourcecode.swift; path = Extension.swift; sourceTree = "<group>"; };
		840647341FA62D03009B21C4 /* Util.swift */ = {isa = PBXFileReference; fileEncoding = 4; lastKnownFileType = sourcecode.swift; path = Util.swift; sourceTree = "<group>"; };
		840647691FA6A6E4009B21C4 /* XLSegmentedSlideSwitch.h */ = {isa = PBXFileReference; fileEncoding = 4; lastKnownFileType = sourcecode.c.h; path = XLSegmentedSlideSwitch.h; sourceTree = "<group>"; };
		8406476A1FA6A6E4009B21C4 /* XLSegmentedSlideSwitch.m */ = {isa = PBXFileReference; fileEncoding = 4; lastKnownFileType = sourcecode.c.objc; path = XLSegmentedSlideSwitch.m; sourceTree = "<group>"; };
		8406476B1FA6A6E4009B21C4 /* XLSlideSegmented.h */ = {isa = PBXFileReference; fileEncoding = 4; lastKnownFileType = sourcecode.c.h; path = XLSlideSegmented.h; sourceTree = "<group>"; };
		8406476C1FA6A6E4009B21C4 /* XLSlideSegmented.m */ = {isa = PBXFileReference; fileEncoding = 4; lastKnownFileType = sourcecode.c.objc; path = XLSlideSegmented.m; sourceTree = "<group>"; };
		8406476D1FA6A6E4009B21C4 /* XLSlideSegmentedItem.h */ = {isa = PBXFileReference; fileEncoding = 4; lastKnownFileType = sourcecode.c.h; path = XLSlideSegmentedItem.h; sourceTree = "<group>"; };
		8406476E1FA6A6E4009B21C4 /* XLSlideSegmentedItem.m */ = {isa = PBXFileReference; fileEncoding = 4; lastKnownFileType = sourcecode.c.objc; path = XLSlideSegmentedItem.m; sourceTree = "<group>"; };
		8406476F1FA6A6E4009B21C4 /* XLSlideSwitch.h */ = {isa = PBXFileReference; fileEncoding = 4; lastKnownFileType = sourcecode.c.h; path = XLSlideSwitch.h; sourceTree = "<group>"; };
		840647701FA6A6E4009B21C4 /* XLSlideSwitch.m */ = {isa = PBXFileReference; fileEncoding = 4; lastKnownFileType = sourcecode.c.objc; path = XLSlideSwitch.m; sourceTree = "<group>"; };
		840647711FA6A6E4009B21C4 /* XLSlideSwitchDelegate.h */ = {isa = PBXFileReference; fileEncoding = 4; lastKnownFileType = sourcecode.c.h; path = XLSlideSwitchDelegate.h; sourceTree = "<group>"; };
		840647761FA6A7BA009B21C4 /* Bridging-Header.h */ = {isa = PBXFileReference; lastKnownFileType = sourcecode.c.h; path = "Bridging-Header.h"; sourceTree = "<group>"; };
		8406477A1FA759A4009B21C4 /* Login.storyboard */ = {isa = PBXFileReference; fileEncoding = 4; lastKnownFileType = file.storyboard; path = Login.storyboard; sourceTree = "<group>"; };
		8406477C1FA770D7009B21C4 /* RegisterViewController.swift */ = {isa = PBXFileReference; fileEncoding = 4; lastKnownFileType = sourcecode.swift; path = RegisterViewController.swift; sourceTree = "<group>"; };
		8406477D1FA770D7009B21C4 /* LoginViewController.swift */ = {isa = PBXFileReference; fileEncoding = 4; lastKnownFileType = sourcecode.swift; path = LoginViewController.swift; sourceTree = "<group>"; };
		840647801FA80897009B21C4 /* BaseAPIBean.swift */ = {isa = PBXFileReference; lastKnownFileType = sourcecode.swift; path = BaseAPIBean.swift; sourceTree = "<group>"; };
		841A27021FAD5AE500D1A807 /* MyDoctorTableViewCell.swift */ = {isa = PBXFileReference; fileEncoding = 4; lastKnownFileType = sourcecode.swift; path = MyDoctorTableViewCell.swift; sourceTree = "<group>"; };
		841A27061FAD850800D1A807 /* Date_main.swift */ = {isa = PBXFileReference; lastKnownFileType = sourcecode.swift; path = Date_main.swift; sourceTree = "<group>"; };
		841A27081FAD86D900D1A807 /* Date.storyboard */ = {isa = PBXFileReference; lastKnownFileType = file.storyboard; path = Date.storyboard; sourceTree = "<group>"; };
		841A270A1FAD8F0E00D1A807 /* RefreashViewController.swift */ = {isa = PBXFileReference; lastKnownFileType = sourcecode.swift; path = RefreashViewController.swift; sourceTree = "<group>"; };
		843C3EB31FA8A6EC0076EB8C /* Home.storyboard */ = {isa = PBXFileReference; fileEncoding = 4; lastKnownFileType = file.storyboard; path = Home.storyboard; sourceTree = "<group>"; };
		843C3EB51FA8A7860076EB8C /* Home_DoctorDetail.swift */ = {isa = PBXFileReference; fileEncoding = 4; lastKnownFileType = sourcecode.swift; path = Home_DoctorDetail.swift; sourceTree = "<group>"; };
		843C3EB61FA8A7860076EB8C /* Home_main.swift */ = {isa = PBXFileReference; fileEncoding = 4; lastKnownFileType = sourcecode.swift; path = Home_main.swift; sourceTree = "<group>"; };
		843C3EB91FA8AAC20076EB8C /* Assets.xcassets */ = {isa = PBXFileReference; lastKnownFileType = folder.assetcatalog; path = Assets.xcassets; sourceTree = "<group>"; };
		843C3EBB1FA946FB0076EB8C /* MyDoctor.storyboard */ = {isa = PBXFileReference; fileEncoding = 4; lastKnownFileType = file.storyboard; path = MyDoctor.storyboard; sourceTree = "<group>"; };
		846D88591FAC067C00DE6308 /* BaseTableView.swift */ = {isa = PBXFileReference; lastKnownFileType = sourcecode.swift; path = BaseTableView.swift; sourceTree = "<group>"; };
		846D885B1FAC106400DE6308 /* Mine_setting.swift */ = {isa = PBXFileReference; lastKnownFileType = sourcecode.swift; path = Mine_setting.swift; sourceTree = "<group>"; };
		846D885D1FAC223300DE6308 /* MineOrderCollectionViewCell.swift */ = {isa = PBXFileReference; lastKnownFileType = sourcecode.swift; path = MineOrderCollectionViewCell.swift; sourceTree = "<group>"; };
		846D885E1FAC223300DE6308 /* MineOrderCollectionViewCell.xib */ = {isa = PBXFileReference; lastKnownFileType = file.xib; path = MineOrderCollectionViewCell.xib; sourceTree = "<group>"; };
		846D88611FAC26EC00DE6308 /* Mine_order.swift */ = {isa = PBXFileReference; lastKnownFileType = sourcecode.swift; path = Mine_order.swift; sourceTree = "<group>"; };
		84736B9C1FAC5592001E9AA5 /* MinePocketCollectionViewCell.swift */ = {isa = PBXFileReference; lastKnownFileType = sourcecode.swift; path = MinePocketCollectionViewCell.swift; sourceTree = "<group>"; };
		84736B9D1FAC5592001E9AA5 /* MinePocketCollectionViewCell.xib */ = {isa = PBXFileReference; lastKnownFileType = file.xib; path = MinePocketCollectionViewCell.xib; sourceTree = "<group>"; };
		84736BA01FAC564A001E9AA5 /* Mine_pocket.swift */ = {isa = PBXFileReference; lastKnownFileType = sourcecode.swift; path = Mine_pocket.swift; sourceTree = "<group>"; };
		84736BA21FAC5ADA001E9AA5 /* Mine_family.swift */ = {isa = PBXFileReference; lastKnownFileType = sourcecode.swift; path = Mine_family.swift; sourceTree = "<group>"; };
		848A29881FAAFCAE00123A3F /* Mine.storyboard */ = {isa = PBXFileReference; fileEncoding = 4; lastKnownFileType = file.storyboard; path = Mine.storyboard; sourceTree = "<group>"; };
		848A298A1FAB092900123A3F /* Mine_main.swift */ = {isa = PBXFileReference; lastKnownFileType = sourcecode.swift; path = Mine_main.swift; sourceTree = "<group>"; };
		84939BC71FAC8F050062062C /* Mine_info.swift */ = {isa = PBXFileReference; lastKnownFileType = sourcecode.swift; path = Mine_info.swift; sourceTree = "<group>"; };
		84939BCB1FACA8540062062C /* BaseCollectionView.swift */ = {isa = PBXFileReference; lastKnownFileType = sourcecode.swift; path = BaseCollectionView.swift; sourceTree = "<group>"; };
		849BAA5A1FAD534100871EA8 /* Date_page.swift */ = {isa = PBXFileReference; fileEncoding = 4; lastKnownFileType = sourcecode.swift; path = Date_page.swift; sourceTree = "<group>"; };
		849BAA5B1FAD534100871EA8 /* MyDoctor_main.swift */ = {isa = PBXFileReference; fileEncoding = 4; lastKnownFileType = sourcecode.swift; path = MyDoctor_main.swift; sourceTree = "<group>"; };
		84C983EB1FA611A60058FA7B /* 速递医疗 病人端.app */ = {isa = PBXFileReference; explicitFileType = wrapper.application; includeInIndex = 0; path = "速递医疗 病人端.app"; sourceTree = BUILT_PRODUCTS_DIR; };
		84C983EE1FA611A60058FA7B /* AppDelegate.swift */ = {isa = PBXFileReference; lastKnownFileType = sourcecode.swift; path = AppDelegate.swift; sourceTree = "<group>"; };
		84C983F01FA611A60058FA7B /* ViewController.swift */ = {isa = PBXFileReference; lastKnownFileType = sourcecode.swift; path = ViewController.swift; sourceTree = "<group>"; };
		84C983F31FA611A60058FA7B /* Base */ = {isa = PBXFileReference; lastKnownFileType = file.storyboard; name = Base; path = Base.lproj/Main.storyboard; sourceTree = "<group>"; };
		84C983F81FA611A60058FA7B /* Base */ = {isa = PBXFileReference; lastKnownFileType = file.storyboard; name = Base; path = Base.lproj/LaunchScreen.storyboard; sourceTree = "<group>"; };
		84C983FA1FA611A60058FA7B /* Info.plist */ = {isa = PBXFileReference; lastKnownFileType = text.plist.xml; path = Info.plist; sourceTree = "<group>"; };
		84C984011FA617F00058FA7B /* ModelBean.swift */ = {isa = PBXFileReference; fileEncoding = 4; lastKnownFileType = sourcecode.swift; path = ModelBean.swift; sourceTree = "<group>"; };
		84C984041FA618060058FA7B /* BaseViewController.swift */ = {isa = PBXFileReference; fileEncoding = 4; lastKnownFileType = sourcecode.swift; path = BaseViewController.swift; sourceTree = "<group>"; };
		84C984051FA618060058FA7B /* MainViewController.swift */ = {isa = PBXFileReference; fileEncoding = 4; lastKnownFileType = sourcecode.swift; path = MainViewController.swift; sourceTree = "<group>"; };
		84C9840D1FA618EE0058FA7B /* API.swift */ = {isa = PBXFileReference; fileEncoding = 4; lastKnownFileType = sourcecode.swift; path = API.swift; sourceTree = "<group>"; };
		84F0402B1FA9A48C003BCC54 /* HomeMainTableViewCell.swift */ = {isa = PBXFileReference; lastKnownFileType = sourcecode.swift; path = HomeMainTableViewCell.swift; sourceTree = "<group>"; };
		84F0402C1FA9A48C003BCC54 /* HomeMainTableViewCell.xib */ = {isa = PBXFileReference; lastKnownFileType = file.xib; path = HomeMainTableViewCell.xib; sourceTree = "<group>"; };
		AFA4C207599FEB4E0FA6C085 /* Pods-速递医疗 病人端.release.xcconfig */ = {isa = PBXFileReference; includeInIndex = 1; lastKnownFileType = text.xcconfig; name = "Pods-速递医疗 病人端.release.xcconfig"; path = "Pods/Target Support Files/Pods-速递医疗 病人端/Pods-速递医疗 病人端.release.xcconfig"; sourceTree = "<group>"; };
/* End PBXFileReference section */

/* Begin PBXFrameworksBuildPhase section */
		84C983E81FA611A60058FA7B /* Frameworks */ = {
			isa = PBXFrameworksBuildPhase;
			buildActionMask = 2147483647;
			files = (
				69A48EF81A7060F810D582DE /* Pods_________.framework in Frameworks */,
			);
			runOnlyForDeploymentPostprocessing = 0;
		};
/* End PBXFrameworksBuildPhase section */

/* Begin PBXGroup section */
		840647671FA6A6E4009B21C4 /* Libs */ = {
			isa = PBXGroup;
			children = (
				840647681FA6A6E4009B21C4 /* XLSlideSwitch */,
			);
			path = Libs;
			sourceTree = "<group>";
		};
		840647681FA6A6E4009B21C4 /* XLSlideSwitch */ = {
			isa = PBXGroup;
			children = (
				840647691FA6A6E4009B21C4 /* XLSegmentedSlideSwitch.h */,
				8406476A1FA6A6E4009B21C4 /* XLSegmentedSlideSwitch.m */,
				8406476B1FA6A6E4009B21C4 /* XLSlideSegmented.h */,
				8406476C1FA6A6E4009B21C4 /* XLSlideSegmented.m */,
				8406476D1FA6A6E4009B21C4 /* XLSlideSegmentedItem.h */,
				8406476E1FA6A6E4009B21C4 /* XLSlideSegmentedItem.m */,
				8406476F1FA6A6E4009B21C4 /* XLSlideSwitch.h */,
				840647701FA6A6E4009B21C4 /* XLSlideSwitch.m */,
				840647711FA6A6E4009B21C4 /* XLSlideSwitchDelegate.h */,
			);
			path = XLSlideSwitch;
			sourceTree = "<group>";
		};
		840647791FA75984009B21C4 /* StoryBoard */ = {
			isa = PBXGroup;
			children = (
				8406477A1FA759A4009B21C4 /* Login.storyboard */,
				843C3EBB1FA946FB0076EB8C /* MyDoctor.storyboard */,
				843C3EB31FA8A6EC0076EB8C /* Home.storyboard */,
				848A29881FAAFCAE00123A3F /* Mine.storyboard */,
				841A27081FAD86D900D1A807 /* Date.storyboard */,
			);
			path = StoryBoard;
			sourceTree = "<group>";
		};
		845899C2F3C2D1E167E529FC /* Frameworks */ = {
			isa = PBXGroup;
			children = (
				1A6FE386D3244A2B5232BE91 /* Pods_________.framework */,
			);
			name = Frameworks;
			sourceTree = "<group>";
		};
		84C983E21FA611A60058FA7B = {
			isa = PBXGroup;
			children = (
				84C983ED1FA611A60058FA7B /* 速递医疗 病人端 */,
				84C983EC1FA611A60058FA7B /* Products */,
				EC151AECA94F348487FE9444 /* Pods */,
				845899C2F3C2D1E167E529FC /* Frameworks */,
			);
			sourceTree = "<group>";
		};
		84C983EC1FA611A60058FA7B /* Products */ = {
			isa = PBXGroup;
			children = (
				84C983EB1FA611A60058FA7B /* 速递医疗 病人端.app */,
			);
			name = Products;
			sourceTree = "<group>";
		};
		84C983ED1FA611A60058FA7B /* 速递医疗 病人端 */ = {
			isa = PBXGroup;
			children = (
				843C3EB91FA8AAC20076EB8C /* Assets.xcassets */,
				840647791FA75984009B21C4 /* StoryBoard */,
				840647671FA6A6E4009B21C4 /* Libs */,
				84C984081FA6180D0058FA7B /* View */,
				84C984031FA618060058FA7B /* ViewController */,
				84C984001FA617F00058FA7B /* Model */,
				84C983EE1FA611A60058FA7B /* AppDelegate.swift */,
				840647331FA62D03009B21C4 /* Extension.swift */,
				840647341FA62D03009B21C4 /* Util.swift */,
				84C9840D1FA618EE0058FA7B /* API.swift */,
				84C983F01FA611A60058FA7B /* ViewController.swift */,
				84C983F21FA611A60058FA7B /* Main.storyboard */,
				84C983F71FA611A60058FA7B /* LaunchScreen.storyboard */,
				84C983FA1FA611A60058FA7B /* Info.plist */,
				840647761FA6A7BA009B21C4 /* Bridging-Header.h */,
			);
			path = "速递医疗 病人端";
			sourceTree = "<group>";
		};
		84C984001FA617F00058FA7B /* Model */ = {
			isa = PBXGroup;
			children = (
				84C984011FA617F00058FA7B /* ModelBean.swift */,
				840647801FA80897009B21C4 /* BaseAPIBean.swift */,
			);
			path = Model;
			sourceTree = "<group>";
		};
		84C984031FA618060058FA7B /* ViewController */ = {
			isa = PBXGroup;
			children = (
				849BAA5B1FAD534100871EA8 /* MyDoctor_main.swift */,
				8406477D1FA770D7009B21C4 /* LoginViewController.swift */,
				8406477C1FA770D7009B21C4 /* RegisterViewController.swift */,
				843C3EB51FA8A7860076EB8C /* Home_DoctorDetail.swift */,
				843C3EB61FA8A7860076EB8C /* Home_main.swift */,
				84C984041FA618060058FA7B /* BaseViewController.swift */,
				84C984051FA618060058FA7B /* MainViewController.swift */,
				848A298A1FAB092900123A3F /* Mine_main.swift */,
				846D885B1FAC106400DE6308 /* Mine_setting.swift */,
				846D88611FAC26EC00DE6308 /* Mine_order.swift */,
				84736BA01FAC564A001E9AA5 /* Mine_pocket.swift */,
				84736BA21FAC5ADA001E9AA5 /* Mine_family.swift */,
				84939BC71FAC8F050062062C /* Mine_info.swift */,
				849BAA5A1FAD534100871EA8 /* Date_page.swift */,
				841A27061FAD850800D1A807 /* Date_main.swift */,
				841A270A1FAD8F0E00D1A807 /* RefreashViewController.swift */,
			);
			path = ViewController;
			sourceTree = "<group>";
		};
		84C984081FA6180D0058FA7B /* View */ = {
			isa = PBXGroup;
			children = (
				840647311FA62C1B009B21C4 /* CustomButton.swift */,
				84F0402B1FA9A48C003BCC54 /* HomeMainTableViewCell.swift */,
				84F0402C1FA9A48C003BCC54 /* HomeMainTableViewCell.xib */,
				846D88591FAC067C00DE6308 /* BaseTableView.swift */,
				841A27021FAD5AE500D1A807 /* MyDoctorTableViewCell.swift */,
				846D885D1FAC223300DE6308 /* MineOrderCollectionViewCell.swift */,
				846D885E1FAC223300DE6308 /* MineOrderCollectionViewCell.xib */,
				84736B9C1FAC5592001E9AA5 /* MinePocketCollectionViewCell.swift */,
				84736B9D1FAC5592001E9AA5 /* MinePocketCollectionViewCell.xib */,
				84939BCB1FACA8540062062C /* BaseCollectionView.swift */,
			);
			path = View;
			sourceTree = "<group>";
		};
		EC151AECA94F348487FE9444 /* Pods */ = {
			isa = PBXGroup;
			children = (
				34CAB850216A56570E87C8D2 /* Pods-速递医疗 病人端.debug.xcconfig */,
				AFA4C207599FEB4E0FA6C085 /* Pods-速递医疗 病人端.release.xcconfig */,
			);
			name = Pods;
			sourceTree = "<group>";
		};
/* End PBXGroup section */

/* Begin PBXNativeTarget section */
		84C983EA1FA611A60058FA7B /* 速递医疗 病人端 */ = {
			isa = PBXNativeTarget;
			buildConfigurationList = 84C983FD1FA611A60058FA7B /* Build configuration list for PBXNativeTarget "速递医疗 病人端" */;
			buildPhases = (
				26DA3BB4EE36ABBA1E75EDB0 /* [CP] Check Pods Manifest.lock */,
				84C983E71FA611A60058FA7B /* Sources */,
				84C983E81FA611A60058FA7B /* Frameworks */,
				84C983E91FA611A60058FA7B /* Resources */,
				0160ECAEE438DE515AC9E3F7 /* [CP] Embed Pods Frameworks */,
				7542007DA0AF4A0390FD5346 /* [CP] Copy Pods Resources */,
			);
			buildRules = (
			);
			dependencies = (
			);
			name = "速递医疗 病人端";
			productName = "速递医疗 病人端";
			productReference = 84C983EB1FA611A60058FA7B /* 速递医疗 病人端.app */;
			productType = "com.apple.product-type.application";
		};
/* End PBXNativeTarget section */

/* Begin PBXProject section */
		84C983E31FA611A60058FA7B /* Project object */ = {
			isa = PBXProject;
			attributes = {
				LastSwiftUpdateCheck = 0900;
				LastUpgradeCheck = 0900;
				ORGANIZATIONNAME = victor;
				TargetAttributes = {
					84C983EA1FA611A60058FA7B = {
						CreatedOnToolsVersion = 9.0.1;
						ProvisioningStyle = Automatic;
					};
				};
			};
			buildConfigurationList = 84C983E61FA611A60058FA7B /* Build configuration list for PBXProject "速递医疗 病人端" */;
			compatibilityVersion = "Xcode 8.0";
			developmentRegion = en;
			hasScannedForEncodings = 0;
			knownRegions = (
				en,
				Base,
			);
			mainGroup = 84C983E21FA611A60058FA7B;
			productRefGroup = 84C983EC1FA611A60058FA7B /* Products */;
			projectDirPath = "";
			projectRoot = "";
			targets = (
				84C983EA1FA611A60058FA7B /* 速递医疗 病人端 */,
			);
		};
/* End PBXProject section */

/* Begin PBXResourcesBuildPhase section */
		84C983E91FA611A60058FA7B /* Resources */ = {
			isa = PBXResourcesBuildPhase;
			buildActionMask = 2147483647;
			files = (
				8406477B1FA759A4009B21C4 /* Login.storyboard in Resources */,
				843C3EB41FA8A6EC0076EB8C /* Home.storyboard in Resources */,
				846D88601FAC223300DE6308 /* MineOrderCollectionViewCell.xib in Resources */,
				84F0402E1FA9A48C003BCC54 /* HomeMainTableViewCell.xib in Resources */,
				84C983F91FA611A60058FA7B /* LaunchScreen.storyboard in Resources */,
				843C3EBC1FA946FB0076EB8C /* MyDoctor.storyboard in Resources */,
				841A27091FAD86D900D1A807 /* Date.storyboard in Resources */,
				84C983F41FA611A60058FA7B /* Main.storyboard in Resources */,
				84736B9F1FAC5592001E9AA5 /* MinePocketCollectionViewCell.xib in Resources */,
				843C3EBA1FA8AAC20076EB8C /* Assets.xcassets in Resources */,
				848A29891FAAFCAE00123A3F /* Mine.storyboard in Resources */,
			);
			runOnlyForDeploymentPostprocessing = 0;
		};
/* End PBXResourcesBuildPhase section */

/* Begin PBXShellScriptBuildPhase section */
		0160ECAEE438DE515AC9E3F7 /* [CP] Embed Pods Frameworks */ = {
			isa = PBXShellScriptBuildPhase;
			buildActionMask = 2147483647;
			files = (
			);
			inputPaths = (
				"${SRCROOT}/Pods/Target Support Files/Pods-速递医疗 病人端/Pods-速递医疗 病人端-frameworks.sh",
				"${BUILT_PRODUCTS_DIR}/Alamofire/Alamofire.framework",
				"${BUILT_PRODUCTS_DIR}/Kingfisher/Kingfisher.framework",
				"${BUILT_PRODUCTS_DIR}/MJRefresh/MJRefresh.framework",
				"${BUILT_PRODUCTS_DIR}/Moya/Moya.framework",
				"${BUILT_PRODUCTS_DIR}/ObjectMapper/ObjectMapper.framework",
				"${BUILT_PRODUCTS_DIR}/Result/Result.framework",
				"${BUILT_PRODUCTS_DIR}/SVProgressHUD/SVProgressHUD.framework",
				"${BUILT_PRODUCTS_DIR}/SnapKit/SnapKit.framework",
				"${BUILT_PRODUCTS_DIR}/SwiftHash/SwiftHash.framework",
				"${BUILT_PRODUCTS_DIR}/SwiftyJSON/SwiftyJSON.framework",
				"${BUILT_PRODUCTS_DIR}/Toast-Swift/Toast_Swift.framework",
			);
			name = "[CP] Embed Pods Frameworks";
			outputPaths = (
				"${TARGET_BUILD_DIR}/${FRAMEWORKS_FOLDER_PATH}/Alamofire.framework",
				"${TARGET_BUILD_DIR}/${FRAMEWORKS_FOLDER_PATH}/Kingfisher.framework",
				"${TARGET_BUILD_DIR}/${FRAMEWORKS_FOLDER_PATH}/MJRefresh.framework",
				"${TARGET_BUILD_DIR}/${FRAMEWORKS_FOLDER_PATH}/Moya.framework",
				"${TARGET_BUILD_DIR}/${FRAMEWORKS_FOLDER_PATH}/ObjectMapper.framework",
				"${TARGET_BUILD_DIR}/${FRAMEWORKS_FOLDER_PATH}/Result.framework",
				"${TARGET_BUILD_DIR}/${FRAMEWORKS_FOLDER_PATH}/SVProgressHUD.framework",
				"${TARGET_BUILD_DIR}/${FRAMEWORKS_FOLDER_PATH}/SnapKit.framework",
				"${TARGET_BUILD_DIR}/${FRAMEWORKS_FOLDER_PATH}/SwiftHash.framework",
				"${TARGET_BUILD_DIR}/${FRAMEWORKS_FOLDER_PATH}/SwiftyJSON.framework",
				"${TARGET_BUILD_DIR}/${FRAMEWORKS_FOLDER_PATH}/Toast_Swift.framework",
			);
			runOnlyForDeploymentPostprocessing = 0;
			shellPath = /bin/sh;
			shellScript = "\"${SRCROOT}/Pods/Target Support Files/Pods-速递医疗 病人端/Pods-速递医疗 病人端-frameworks.sh\"\n";
			showEnvVarsInLog = 0;
		};
		26DA3BB4EE36ABBA1E75EDB0 /* [CP] Check Pods Manifest.lock */ = {
			isa = PBXShellScriptBuildPhase;
			buildActionMask = 2147483647;
			files = (
			);
			inputPaths = (
				"${PODS_PODFILE_DIR_PATH}/Podfile.lock",
				"${PODS_ROOT}/Manifest.lock",
			);
			name = "[CP] Check Pods Manifest.lock";
			outputPaths = (
				"$(DERIVED_FILE_DIR)/Pods-速递医疗 病人端-checkManifestLockResult.txt",
			);
			runOnlyForDeploymentPostprocessing = 0;
			shellPath = /bin/sh;
			shellScript = "diff \"${PODS_PODFILE_DIR_PATH}/Podfile.lock\" \"${PODS_ROOT}/Manifest.lock\" > /dev/null\nif [ $? != 0 ] ; then\n    # print error to STDERR\n    echo \"error: The sandbox is not in sync with the Podfile.lock. Run 'pod install' or update your CocoaPods installation.\" >&2\n    exit 1\nfi\n# This output is used by Xcode 'outputs' to avoid re-running this script phase.\necho \"SUCCESS\" > \"${SCRIPT_OUTPUT_FILE_0}\"\n";
			showEnvVarsInLog = 0;
		};
		7542007DA0AF4A0390FD5346 /* [CP] Copy Pods Resources */ = {
			isa = PBXShellScriptBuildPhase;
			buildActionMask = 2147483647;
			files = (
			);
			inputPaths = (
			);
			name = "[CP] Copy Pods Resources";
			outputPaths = (
			);
			runOnlyForDeploymentPostprocessing = 0;
			shellPath = /bin/sh;
			shellScript = "\"${SRCROOT}/Pods/Target Support Files/Pods-速递医疗 病人端/Pods-速递医疗 病人端-resources.sh\"\n";
			showEnvVarsInLog = 0;
		};
/* End PBXShellScriptBuildPhase section */

/* Begin PBXSourcesBuildPhase section */
		84C983E71FA611A60058FA7B /* Sources */ = {
			isa = PBXSourcesBuildPhase;
			buildActionMask = 2147483647;
			files = (
				841A270B1FAD8F0E00D1A807 /* RefreashViewController.swift in Sources */,
				841A27071FAD850800D1A807 /* Date_main.swift in Sources */,
				843C3EB71FA8A7860076EB8C /* Home_DoctorDetail.swift in Sources */,
				846D885A1FAC067C00DE6308 /* BaseTableView.swift in Sources */,
				84C983F11FA611A60058FA7B /* ViewController.swift in Sources */,
				840647741FA6A6E4009B21C4 /* XLSlideSegmentedItem.m in Sources */,
				84736BA11FAC564A001E9AA5 /* Mine_pocket.swift in Sources */,
				849BAA5C1FAD534100871EA8 /* Date_page.swift in Sources */,
				846D885F1FAC223300DE6308 /* MineOrderCollectionViewCell.swift in Sources */,
				840647361FA62D03009B21C4 /* Util.swift in Sources */,
				8406477F1FA770D8009B21C4 /* LoginViewController.swift in Sources */,
				843C3EB81FA8A7860076EB8C /* Home_main.swift in Sources */,
				841A27031FAD5AE500D1A807 /* MyDoctorTableViewCell.swift in Sources */,
				84C984061FA618060058FA7B /* BaseViewController.swift in Sources */,
				84736B9E1FAC5592001E9AA5 /* MinePocketCollectionViewCell.swift in Sources */,
				84C984021FA617F00058FA7B /* ModelBean.swift in Sources */,
				846D885C1FAC106400DE6308 /* Mine_setting.swift in Sources */,
				840647721FA6A6E4009B21C4 /* XLSegmentedSlideSwitch.m in Sources */,
				840647811FA80898009B21C4 /* BaseAPIBean.swift in Sources */,
				84736BA31FAC5ADA001E9AA5 /* Mine_family.swift in Sources */,
				840647751FA6A6E4009B21C4 /* XLSlideSwitch.m in Sources */,
				84C983EF1FA611A60058FA7B /* AppDelegate.swift in Sources */,
				846D88621FAC26EC00DE6308 /* Mine_order.swift in Sources */,
				840647321FA62C1B009B21C4 /* CustomButton.swift in Sources */,
				8406477E1FA770D8009B21C4 /* RegisterViewController.swift in Sources */,
				84C9840E1FA618EF0058FA7B /* API.swift in Sources */,
				848A298B1FAB092900123A3F /* Mine_main.swift in Sources */,
				84F0402D1FA9A48C003BCC54 /* HomeMainTableViewCell.swift in Sources */,
				849BAA5D1FAD534100871EA8 /* MyDoctor_main.swift in Sources */,
				840647731FA6A6E4009B21C4 /* XLSlideSegmented.m in Sources */,
				84939BCC1FACA8540062062C /* BaseCollectionView.swift in Sources */,
				84C984071FA618060058FA7B /* MainViewController.swift in Sources */,
				84939BC81FAC8F050062062C /* Mine_info.swift in Sources */,
				840647351FA62D03009B21C4 /* Extension.swift in Sources */,
			);
			runOnlyForDeploymentPostprocessing = 0;
		};
/* End PBXSourcesBuildPhase section */

/* Begin PBXVariantGroup section */
		84C983F21FA611A60058FA7B /* Main.storyboard */ = {
			isa = PBXVariantGroup;
			children = (
				84C983F31FA611A60058FA7B /* Base */,
			);
			name = Main.storyboard;
			sourceTree = "<group>";
		};
		84C983F71FA611A60058FA7B /* LaunchScreen.storyboard */ = {
			isa = PBXVariantGroup;
			children = (
				84C983F81FA611A60058FA7B /* Base */,
			);
			name = LaunchScreen.storyboard;
			sourceTree = "<group>";
		};
/* End PBXVariantGroup section */

/* Begin XCBuildConfiguration section */
		84C983FB1FA611A60058FA7B /* Debug */ = {
			isa = XCBuildConfiguration;
			buildSettings = {
				ALWAYS_SEARCH_USER_PATHS = NO;
				CLANG_ANALYZER_NONNULL = YES;
				CLANG_ANALYZER_NUMBER_OBJECT_CONVERSION = YES_AGGRESSIVE;
				CLANG_CXX_LANGUAGE_STANDARD = "gnu++14";
				CLANG_CXX_LIBRARY = "libc++";
				CLANG_ENABLE_MODULES = YES;
				CLANG_ENABLE_OBJC_ARC = YES;
				CLANG_WARN_BLOCK_CAPTURE_AUTORELEASING = YES;
				CLANG_WARN_BOOL_CONVERSION = YES;
				CLANG_WARN_COMMA = YES;
				CLANG_WARN_CONSTANT_CONVERSION = YES;
				CLANG_WARN_DIRECT_OBJC_ISA_USAGE = YES_ERROR;
				CLANG_WARN_DOCUMENTATION_COMMENTS = YES;
				CLANG_WARN_EMPTY_BODY = YES;
				CLANG_WARN_ENUM_CONVERSION = YES;
				CLANG_WARN_INFINITE_RECURSION = YES;
				CLANG_WARN_INT_CONVERSION = YES;
				CLANG_WARN_NON_LITERAL_NULL_CONVERSION = YES;
				CLANG_WARN_OBJC_LITERAL_CONVERSION = YES;
				CLANG_WARN_OBJC_ROOT_CLASS = YES_ERROR;
				CLANG_WARN_RANGE_LOOP_ANALYSIS = YES;
				CLANG_WARN_STRICT_PROTOTYPES = YES;
				CLANG_WARN_SUSPICIOUS_MOVE = YES;
				CLANG_WARN_UNGUARDED_AVAILABILITY = YES_AGGRESSIVE;
				CLANG_WARN_UNREACHABLE_CODE = YES;
				CLANG_WARN__DUPLICATE_METHOD_MATCH = YES;
				CODE_SIGN_IDENTITY = "iPhone Developer";
				COPY_PHASE_STRIP = NO;
				DEBUG_INFORMATION_FORMAT = dwarf;
				ENABLE_STRICT_OBJC_MSGSEND = YES;
				ENABLE_TESTABILITY = YES;
				GCC_C_LANGUAGE_STANDARD = gnu11;
				GCC_DYNAMIC_NO_PIC = NO;
				GCC_NO_COMMON_BLOCKS = YES;
				GCC_OPTIMIZATION_LEVEL = 0;
				GCC_PREPROCESSOR_DEFINITIONS = (
					"DEBUG=1",
					"$(inherited)",
				);
				GCC_WARN_64_TO_32_BIT_CONVERSION = YES;
				GCC_WARN_ABOUT_RETURN_TYPE = YES_ERROR;
				GCC_WARN_UNDECLARED_SELECTOR = YES;
				GCC_WARN_UNINITIALIZED_AUTOS = YES_AGGRESSIVE;
				GCC_WARN_UNUSED_FUNCTION = YES;
				GCC_WARN_UNUSED_VARIABLE = YES;
				IPHONEOS_DEPLOYMENT_TARGET = 11.0;
				MTL_ENABLE_DEBUG_INFO = YES;
				ONLY_ACTIVE_ARCH = YES;
				SDKROOT = iphoneos;
				SWIFT_ACTIVE_COMPILATION_CONDITIONS = DEBUG;
				SWIFT_OPTIMIZATION_LEVEL = "-Onone";
			};
			name = Debug;
		};
		84C983FC1FA611A60058FA7B /* Release */ = {
			isa = XCBuildConfiguration;
			buildSettings = {
				ALWAYS_SEARCH_USER_PATHS = NO;
				CLANG_ANALYZER_NONNULL = YES;
				CLANG_ANALYZER_NUMBER_OBJECT_CONVERSION = YES_AGGRESSIVE;
				CLANG_CXX_LANGUAGE_STANDARD = "gnu++14";
				CLANG_CXX_LIBRARY = "libc++";
				CLANG_ENABLE_MODULES = YES;
				CLANG_ENABLE_OBJC_ARC = YES;
				CLANG_WARN_BLOCK_CAPTURE_AUTORELEASING = YES;
				CLANG_WARN_BOOL_CONVERSION = YES;
				CLANG_WARN_COMMA = YES;
				CLANG_WARN_CONSTANT_CONVERSION = YES;
				CLANG_WARN_DIRECT_OBJC_ISA_USAGE = YES_ERROR;
				CLANG_WARN_DOCUMENTATION_COMMENTS = YES;
				CLANG_WARN_EMPTY_BODY = YES;
				CLANG_WARN_ENUM_CONVERSION = YES;
				CLANG_WARN_INFINITE_RECURSION = YES;
				CLANG_WARN_INT_CONVERSION = YES;
				CLANG_WARN_NON_LITERAL_NULL_CONVERSION = YES;
				CLANG_WARN_OBJC_LITERAL_CONVERSION = YES;
				CLANG_WARN_OBJC_ROOT_CLASS = YES_ERROR;
				CLANG_WARN_RANGE_LOOP_ANALYSIS = YES;
				CLANG_WARN_STRICT_PROTOTYPES = YES;
				CLANG_WARN_SUSPICIOUS_MOVE = YES;
				CLANG_WARN_UNGUARDED_AVAILABILITY = YES_AGGRESSIVE;
				CLANG_WARN_UNREACHABLE_CODE = YES;
				CLANG_WARN__DUPLICATE_METHOD_MATCH = YES;
				CODE_SIGN_IDENTITY = "iPhone Developer";
				COPY_PHASE_STRIP = NO;
				DEBUG_INFORMATION_FORMAT = "dwarf-with-dsym";
				ENABLE_NS_ASSERTIONS = NO;
				ENABLE_STRICT_OBJC_MSGSEND = YES;
				GCC_C_LANGUAGE_STANDARD = gnu11;
				GCC_NO_COMMON_BLOCKS = YES;
				GCC_WARN_64_TO_32_BIT_CONVERSION = YES;
				GCC_WARN_ABOUT_RETURN_TYPE = YES_ERROR;
				GCC_WARN_UNDECLARED_SELECTOR = YES;
				GCC_WARN_UNINITIALIZED_AUTOS = YES_AGGRESSIVE;
				GCC_WARN_UNUSED_FUNCTION = YES;
				GCC_WARN_UNUSED_VARIABLE = YES;
				IPHONEOS_DEPLOYMENT_TARGET = 11.0;
				MTL_ENABLE_DEBUG_INFO = NO;
				SDKROOT = iphoneos;
				SWIFT_OPTIMIZATION_LEVEL = "-Owholemodule";
				VALIDATE_PRODUCT = YES;
			};
			name = Release;
		};
		84C983FE1FA611A60058FA7B /* Debug */ = {
			isa = XCBuildConfiguration;
			baseConfigurationReference = 34CAB850216A56570E87C8D2 /* Pods-速递医疗 病人端.debug.xcconfig */;
			buildSettings = {
				ASSETCATALOG_COMPILER_APPICON_NAME = AppIcon;
				CODE_SIGN_STYLE = Automatic;
				INFOPLIST_FILE = "速递医疗 病人端/Info.plist";
				LD_RUNPATH_SEARCH_PATHS = "$(inherited) @executable_path/Frameworks";
				PRODUCT_BUNDLE_IDENTIFIER = "com.ymx.--------";
				PRODUCT_NAME = "$(TARGET_NAME)";
				SWIFT_OBJC_BRIDGING_HEADER = "/Users/admin/Desktop/ios/速递医疗 病人端/速递医疗 病人端/Bridging-Header.h";
				SWIFT_VERSION = 4.0;
				TARGETED_DEVICE_FAMILY = "1,2";
			};
			name = Debug;
		};
		84C983FF1FA611A60058FA7B /* Release */ = {
			isa = XCBuildConfiguration;
			baseConfigurationReference = AFA4C207599FEB4E0FA6C085 /* Pods-速递医疗 病人端.release.xcconfig */;
			buildSettings = {
				ASSETCATALOG_COMPILER_APPICON_NAME = AppIcon;
				CODE_SIGN_STYLE = Automatic;
				INFOPLIST_FILE = "速递医疗 病人端/Info.plist";
				LD_RUNPATH_SEARCH_PATHS = "$(inherited) @executable_path/Frameworks";
				PRODUCT_BUNDLE_IDENTIFIER = "com.ymx.--------";
				PRODUCT_NAME = "$(TARGET_NAME)";
				SWIFT_OBJC_BRIDGING_HEADER = "/Users/admin/Desktop/ios/速递医疗 病人端/速递医疗 病人端/Bridging-Header.h";
				SWIFT_VERSION = 4.0;
				TARGETED_DEVICE_FAMILY = "1,2";
			};
			name = Release;
		};
/* End XCBuildConfiguration section */

/* Begin XCConfigurationList section */
		84C983E61FA611A60058FA7B /* Build configuration list for PBXProject "速递医疗 病人端" */ = {
			isa = XCConfigurationList;
			buildConfigurations = (
				84C983FB1FA611A60058FA7B /* Debug */,
				84C983FC1FA611A60058FA7B /* Release */,
			);
			defaultConfigurationIsVisible = 0;
			defaultConfigurationName = Release;
		};
		84C983FD1FA611A60058FA7B /* Build configuration list for PBXNativeTarget "速递医疗 病人端" */ = {
			isa = XCConfigurationList;
			buildConfigurations = (
				84C983FE1FA611A60058FA7B /* Debug */,
				84C983FF1FA611A60058FA7B /* Release */,
			);
			defaultConfigurationIsVisible = 0;
			defaultConfigurationName = Release;
		};
/* End XCConfigurationList section */
	};
	rootObject = 84C983E31FA611A60058FA7B /* Project object */;
}
